// !$*UTF8*$!
{
	archiveVersion = 1;
	classes = {
	};
	objectVersion = 56;
	objects = {

/* Begin PBXBuildFile section */
		E6B2BF422B341544009057D2 /* LoginupViewController.swift in Sources */ = {isa = PBXBuildFile; fileRef = E6B2BF412B341544009057D2 /* LoginupViewController.swift */; };
		E6B2BF442B341C01009057D2 /* MainForgetViewController.swift in Sources */ = {isa = PBXBuildFile; fileRef = E6B2BF432B341C01009057D2 /* MainForgetViewController.swift */; };
		E6B2BF462B341C22009057D2 /* ConfigdForgetViewController.swift in Sources */ = {isa = PBXBuildFile; fileRef = E6B2BF452B341C22009057D2 /* ConfigdForgetViewController.swift */; };
		E6B2BF482B341C3F009057D2 /* otpForgetViewController.swift in Sources */ = {isa = PBXBuildFile; fileRef = E6B2BF472B341C3F009057D2 /* otpForgetViewController.swift */; };
		E6B2BF4B2B343B5C009057D2 /* CallStabord.storyboard in Resources */ = {isa = PBXBuildFile; fileRef = E6B2BF4A2B343B5C009057D2 /* CallStabord.storyboard */; };
		E6B2BF4D2B343B76009057D2 /* MainCallViewController.swift in Sources */ = {isa = PBXBuildFile; fileRef = E6B2BF4C2B343B76009057D2 /* MainCallViewController.swift */; };
		E6B2BF4F2B3447CC009057D2 /* SanTacall2ViewController.swift in Sources */ = {isa = PBXBuildFile; fileRef = E6B2BF4E2B3447CC009057D2 /* SanTacall2ViewController.swift */; };
		E6B2BF512B3448ED009057D2 /* Santall3CallViewController.swift in Sources */ = {isa = PBXBuildFile; fileRef = E6B2BF502B3448ED009057D2 /* Santall3CallViewController.swift */; };
		E6CFFBD42B353D8200684331 /* SantalCall4ViewController.swift in Sources */ = {isa = PBXBuildFile; fileRef = E6CFFBD32B353D8200684331 /* SantalCall4ViewController.swift */; };
		E6CFFBD62B353F2E00684331 /* SantaCallVideoViewController.swift in Sources */ = {isa = PBXBuildFile; fileRef = E6CFFBD52B353F2E00684331 /* SantaCallVideoViewController.swift */; };
		E6CFFBD82B353F5600684331 /* SantaCallVideo2ViewController.swift in Sources */ = {isa = PBXBuildFile; fileRef = E6CFFBD72B353F5600684331 /* SantaCallVideo2ViewController.swift */; };
		E6CFFBDB2B3542B700684331 /* StoryBar.storyboard in Resources */ = {isa = PBXBuildFile; fileRef = E6CFFBDA2B3542B700684331 /* StoryBar.storyboard */; };
		E6CFFBDD2B3542CE00684331 /* StoryListViewController.swift in Sources */ = {isa = PBXBuildFile; fileRef = E6CFFBDC2B3542CE00684331 /* StoryListViewController.swift */; };
		E6CFFBDF2B35447400684331 /* StoryList1ViewController.swift in Sources */ = {isa = PBXBuildFile; fileRef = E6CFFBDE2B35447400684331 /* StoryList1ViewController.swift */; };
		E6E63B692B32D06F0001C824 /* AppDelegate.swift in Sources */ = {isa = PBXBuildFile; fileRef = E6E63B682B32D06F0001C824 /* AppDelegate.swift */; };
		E6E63B6B2B32D06F0001C824 /* SceneDelegate.swift in Sources */ = {isa = PBXBuildFile; fileRef = E6E63B6A2B32D06F0001C824 /* SceneDelegate.swift */; };
		E6E63B6D2B32D06F0001C824 /* MainViewController.swift in Sources */ = {isa = PBXBuildFile; fileRef = E6E63B6C2B32D06F0001C824 /* MainViewController.swift */; };
		E6E63B702B32D06F0001C824 /* Main.storyboard in Resources */ = {isa = PBXBuildFile; fileRef = E6E63B6E2B32D06F0001C824 /* Main.storyboard */; };
		E6E63B722B32D0720001C824 /* Assets.xcassets in Resources */ = {isa = PBXBuildFile; fileRef = E6E63B712B32D0720001C824 /* Assets.xcassets */; };
		E6E63B752B32D0720001C824 /* LaunchScreen.storyboard in Resources */ = {isa = PBXBuildFile; fileRef = E6E63B732B32D0720001C824 /* LaunchScreen.storyboard */; };
/* End PBXBuildFile section */

/* Begin PBXFileReference section */
		E6B2BF412B341544009057D2 /* LoginupViewController.swift */ = {isa = PBXFileReference; lastKnownFileType = sourcecode.swift; path = LoginupViewController.swift; sourceTree = "<group>"; };
		E6B2BF432B341C01009057D2 /* MainForgetViewController.swift */ = {isa = PBXFileReference; lastKnownFileType = sourcecode.swift; path = MainForgetViewController.swift; sourceTree = "<group>"; };
		E6B2BF452B341C22009057D2 /* ConfigdForgetViewController.swift */ = {isa = PBXFileReference; lastKnownFileType = sourcecode.swift; path = ConfigdForgetViewController.swift; sourceTree = "<group>"; };
		E6B2BF472B341C3F009057D2 /* otpForgetViewController.swift */ = {isa = PBXFileReference; lastKnownFileType = sourcecode.swift; path = otpForgetViewController.swift; sourceTree = "<group>"; };
		E6B2BF4A2B343B5C009057D2 /* CallStabord.storyboard */ = {isa = PBXFileReference; lastKnownFileType = file.storyboard; path = CallStabord.storyboard; sourceTree = "<group>"; };
		E6B2BF4C2B343B76009057D2 /* MainCallViewController.swift */ = {isa = PBXFileReference; lastKnownFileType = sourcecode.swift; path = MainCallViewController.swift; sourceTree = "<group>"; };
		E6B2BF4E2B3447CC009057D2 /* SanTacall2ViewController.swift */ = {isa = PBXFileReference; lastKnownFileType = sourcecode.swift; path = SanTacall2ViewController.swift; sourceTree = "<group>"; };
		E6B2BF502B3448ED009057D2 /* Santall3CallViewController.swift */ = {isa = PBXFileReference; lastKnownFileType = sourcecode.swift; path = Santall3CallViewController.swift; sourceTree = "<group>"; };
		E6CFFBD32B353D8200684331 /* SantalCall4ViewController.swift */ = {isa = PBXFileReference; lastKnownFileType = sourcecode.swift; path = SantalCall4ViewController.swift; sourceTree = "<group>"; };
		E6CFFBD52B353F2E00684331 /* SantaCallVideoViewController.swift */ = {isa = PBXFileReference; lastKnownFileType = sourcecode.swift; path = SantaCallVideoViewController.swift; sourceTree = "<group>"; };
		E6CFFBD72B353F5600684331 /* SantaCallVideo2ViewController.swift */ = {isa = PBXFileReference; lastKnownFileType = sourcecode.swift; path = SantaCallVideo2ViewController.swift; sourceTree = "<group>"; };
		E6CFFBDA2B3542B700684331 /* StoryBar.storyboard */ = {isa = PBXFileReference; lastKnownFileType = file.storyboard; path = StoryBar.storyboard; sourceTree = "<group>"; };
		E6CFFBDC2B3542CE00684331 /* StoryListViewController.swift */ = {isa = PBXFileReference; lastKnownFileType = sourcecode.swift; path = StoryListViewController.swift; sourceTree = "<group>"; };
		E6CFFBDE2B35447400684331 /* StoryList1ViewController.swift */ = {isa = PBXFileReference; lastKnownFileType = sourcecode.swift; path = StoryList1ViewController.swift; sourceTree = "<group>"; };
		E6E63B652B32D06F0001C824 /* ChristmasSwapFace.app */ = {isa = PBXFileReference; explicitFileType = wrapper.application; includeInIndex = 0; path = ChristmasSwapFace.app; sourceTree = BUILT_PRODUCTS_DIR; };
		E6E63B682B32D06F0001C824 /* AppDelegate.swift */ = {isa = PBXFileReference; lastKnownFileType = sourcecode.swift; path = AppDelegate.swift; sourceTree = "<group>"; };
		E6E63B6A2B32D06F0001C824 /* SceneDelegate.swift */ = {isa = PBXFileReference; lastKnownFileType = sourcecode.swift; path = SceneDelegate.swift; sourceTree = "<group>"; };
		E6E63B6C2B32D06F0001C824 /* MainViewController.swift */ = {isa = PBXFileReference; lastKnownFileType = sourcecode.swift; path = MainViewController.swift; sourceTree = "<group>"; };
		E6E63B6F2B32D06F0001C824 /* Base */ = {isa = PBXFileReference; lastKnownFileType = file.storyboard; name = Base; path = Base.lproj/Main.storyboard; sourceTree = "<group>"; };
		E6E63B712B32D0720001C824 /* Assets.xcassets */ = {isa = PBXFileReference; lastKnownFileType = folder.assetcatalog; path = Assets.xcassets; sourceTree = "<group>"; };
		E6E63B742B32D0720001C824 /* Base */ = {isa = PBXFileReference; lastKnownFileType = file.storyboard; name = Base; path = Base.lproj/LaunchScreen.storyboard; sourceTree = "<group>"; };
		E6E63B762B32D0720001C824 /* Info.plist */ = {isa = PBXFileReference; lastKnownFileType = text.plist.xml; path = Info.plist; sourceTree = "<group>"; };
/* End PBXFileReference section */

/* Begin PBXFrameworksBuildPhase section */
		E6E63B622B32D06F0001C824 /* Frameworks */ = {
			isa = PBXFrameworksBuildPhase;
			buildActionMask = 2147483647;
			files = (
			);
			runOnlyForDeploymentPostprocessing = 0;
		};
/* End PBXFrameworksBuildPhase section */

/* Begin PBXGroup section */
		E6B2BF492B343B46009057D2 /* Call */ = {
			isa = PBXGroup;
			children = (
				E6B2BF4A2B343B5C009057D2 /* CallStabord.storyboard */,
				E6B2BF4C2B343B76009057D2 /* MainCallViewController.swift */,
				E6B2BF4E2B3447CC009057D2 /* SanTacall2ViewController.swift */,
				E6B2BF502B3448ED009057D2 /* Santall3CallViewController.swift */,
				E6CFFBD32B353D8200684331 /* SantalCall4ViewController.swift */,
				E6CFFBD52B353F2E00684331 /* SantaCallVideoViewController.swift */,
				E6CFFBD72B353F5600684331 /* SantaCallVideo2ViewController.swift */,
			);
			path = Call;
			sourceTree = "<group>";
		};
		E6CFFBD92B3542A100684331 /* Story */ = {
			isa = PBXGroup;
			children = (
				E6CFFBDA2B3542B700684331 /* StoryBar.storyboard */,
				E6CFFBDC2B3542CE00684331 /* StoryListViewController.swift */,
				E6CFFBDE2B35447400684331 /* StoryList1ViewController.swift */,
			);
			path = Story;
			sourceTree = "<group>";
		};
		E6E63B5C2B32D06F0001C824 = {
			isa = PBXGroup;
			children = (
				E6E63B672B32D06F0001C824 /* ChristmasSwapFace */,
				E6E63B662B32D06F0001C824 /* Products */,
			);
			sourceTree = "<group>";
		};
		E6E63B662B32D06F0001C824 /* Products */ = {
			isa = PBXGroup;
			children = (
				E6E63B652B32D06F0001C824 /* ChristmasSwapFace.app */,
			);
			name = Products;
			sourceTree = "<group>";
		};
		E6E63B672B32D06F0001C824 /* ChristmasSwapFace */ = {
			isa = PBXGroup;
			children = (
				E6CFFBD92B3542A100684331 /* Story */,
				E6B2BF492B343B46009057D2 /* Call */,
				E6E63B7E2B32DCCA0001C824 /* ViewController */,
				E6E63B7D2B32D6C70001C824 /* Login */,
				E6E63B682B32D06F0001C824 /* AppDelegate.swift */,
				E6E63B6A2B32D06F0001C824 /* SceneDelegate.swift */,
				E6E63B6E2B32D06F0001C824 /* Main.storyboard */,
				E6E63B712B32D0720001C824 /* Assets.xcassets */,
				E6E63B732B32D0720001C824 /* LaunchScreen.storyboard */,
				E6E63B762B32D0720001C824 /* Info.plist */,
			);
			path = ChristmasSwapFace;
			sourceTree = "<group>";
		};
		E6E63B7D2B32D6C70001C824 /* Login */ = {
			isa = PBXGroup;
			children = (
				E6B2BF412B341544009057D2 /* LoginupViewController.swift */,
				E6B2BF432B341C01009057D2 /* MainForgetViewController.swift */,
				E6B2BF452B341C22009057D2 /* ConfigdForgetViewController.swift */,
				E6B2BF472B341C3F009057D2 /* otpForgetViewController.swift */,
			);
			path = Login;
			sourceTree = "<group>";
		};
		E6E63B7E2B32DCCA0001C824 /* ViewController */ = {
			isa = PBXGroup;
			children = (
				E6E63B6C2B32D06F0001C824 /* MainViewController.swift */,
			);
			path = ViewController;
			sourceTree = "<group>";
		};
/* End PBXGroup section */

/* Begin PBXNativeTarget section */
		E6E63B642B32D06F0001C824 /* ChristmasSwapFace */ = {
			isa = PBXNativeTarget;
			buildConfigurationList = E6E63B792B32D0720001C824 /* Build configuration list for PBXNativeTarget "ChristmasSwapFace" */;
			buildPhases = (
				E6E63B612B32D06F0001C824 /* Sources */,
				E6E63B622B32D06F0001C824 /* Frameworks */,
				E6E63B632B32D06F0001C824 /* Resources */,
			);
			buildRules = (
			);
			dependencies = (
			);
			name = ChristmasSwapFace;
			productName = ChristmasSwapFace;
			productReference = E6E63B652B32D06F0001C824 /* ChristmasSwapFace.app */;
			productType = "com.apple.product-type.application";
		};
/* End PBXNativeTarget section */

/* Begin PBXProject section */
		E6E63B5D2B32D06F0001C824 /* Project object */ = {
			isa = PBXProject;
			attributes = {
				BuildIndependentTargetsInParallel = 1;
				LastSwiftUpdateCheck = 1510;
				LastUpgradeCheck = 1510;
				TargetAttributes = {
					E6E63B642B32D06F0001C824 = {
						CreatedOnToolsVersion = 15.1;
					};
				};
			};
			buildConfigurationList = E6E63B602B32D06F0001C824 /* Build configuration list for PBXProject "ChristmasSwapFace" */;
			compatibilityVersion = "Xcode 14.0";
			developmentRegion = en;
			hasScannedForEncodings = 0;
			knownRegions = (
				en,
				Base,
			);
			mainGroup = E6E63B5C2B32D06F0001C824;
			productRefGroup = E6E63B662B32D06F0001C824 /* Products */;
			projectDirPath = "";
			projectRoot = "";
			targets = (
				E6E63B642B32D06F0001C824 /* ChristmasSwapFace */,
			);
		};
/* End PBXProject section */

/* Begin PBXResourcesBuildPhase section */
		E6E63B632B32D06F0001C824 /* Resources */ = {
			isa = PBXResourcesBuildPhase;
			buildActionMask = 2147483647;
			files = (
				E6B2BF4B2B343B5C009057D2 /* CallStabord.storyboard in Resources */,
				E6CFFBDB2B3542B700684331 /* StoryBar.storyboard in Resources */,
				E6E63B752B32D0720001C824 /* LaunchScreen.storyboard in Resources */,
				E6E63B722B32D0720001C824 /* Assets.xcassets in Resources */,
				E6E63B702B32D06F0001C824 /* Main.storyboard in Resources */,
			);
			runOnlyForDeploymentPostprocessing = 0;
		};
/* End PBXResourcesBuildPhase section */

/* Begin PBXSourcesBuildPhase section */
		E6E63B612B32D06F0001C824 /* Sources */ = {
			isa = PBXSourcesBuildPhase;
			buildActionMask = 2147483647;
			files = (
				E6B2BF512B3448ED009057D2 /* Santall3CallViewController.swift in Sources */,
				E6B2BF4F2B3447CC009057D2 /* SanTacall2ViewController.swift in Sources */,
				E6CFFBD42B353D8200684331 /* SantalCall4ViewController.swift in Sources */,
				E6E63B6D2B32D06F0001C824 /* MainViewController.swift in Sources */,
				E6B2BF482B341C3F009057D2 /* otpForgetViewController.swift in Sources */,
				E6E63B692B32D06F0001C824 /* AppDelegate.swift in Sources */,
				E6E63B6B2B32D06F0001C824 /* SceneDelegate.swift in Sources */,
				E6B2BF462B341C22009057D2 /* ConfigdForgetViewController.swift in Sources */,
				E6B2BF442B341C01009057D2 /* MainForgetViewController.swift in Sources */,
				E6B2BF422B341544009057D2 /* LoginupViewController.swift in Sources */,
				E6CFFBD62B353F2E00684331 /* SantaCallVideoViewController.swift in Sources */,
				E6CFFBDF2B35447400684331 /* StoryList1ViewController.swift in Sources */,
				E6CFFBD82B353F5600684331 /* SantaCallVideo2ViewController.swift in Sources */,
				E6CFFBDD2B3542CE00684331 /* StoryListViewController.swift in Sources */,
				E6B2BF4D2B343B76009057D2 /* MainCallViewController.swift in Sources */,
			);
			runOnlyForDeploymentPostprocessing = 0;
		};
/* End PBXSourcesBuildPhase section */

/* Begin PBXVariantGroup section */
		E6E63B6E2B32D06F0001C824 /* Main.storyboard */ = {
			isa = PBXVariantGroup;
			children = (
				E6E63B6F2B32D06F0001C824 /* Base */,
			);
			name = Main.storyboard;
			sourceTree = "<group>";
		};
		E6E63B732B32D0720001C824 /* LaunchScreen.storyboard */ = {
			isa = PBXVariantGroup;
			children = (
				E6E63B742B32D0720001C824 /* Base */,
			);
			name = LaunchScreen.storyboard;
			sourceTree = "<group>";
		};
/* End PBXVariantGroup section */

/* Begin XCBuildConfiguration section */
		E6E63B772B32D0720001C824 /* Debug */ = {
			isa = XCBuildConfiguration;
			buildSettings = {
				ALWAYS_SEARCH_USER_PATHS = NO;
				ASSETCATALOG_COMPILER_GENERATE_SWIFT_ASSET_SYMBOL_EXTENSIONS = YES;
				CLANG_ANALYZER_NONNULL = YES;
				CLANG_ANALYZER_NUMBER_OBJECT_CONVERSION = YES_AGGRESSIVE;
				CLANG_CXX_LANGUAGE_STANDARD = "gnu++20";
				CLANG_ENABLE_MODULES = YES;
				CLANG_ENABLE_OBJC_ARC = YES;
				CLANG_ENABLE_OBJC_WEAK = YES;
				CLANG_WARN_BLOCK_CAPTURE_AUTORELEASING = YES;
				CLANG_WARN_BOOL_CONVERSION = YES;
				CLANG_WARN_COMMA = YES;
				CLANG_WARN_CONSTANT_CONVERSION = YES;
				CLANG_WARN_DEPRECATED_OBJC_IMPLEMENTATIONS = YES;
				CLANG_WARN_DIRECT_OBJC_ISA_USAGE = YES_ERROR;
				CLANG_WARN_DOCUMENTATION_COMMENTS = YES;
				CLANG_WARN_EMPTY_BODY = YES;
				CLANG_WARN_ENUM_CONVERSION = YES;
				CLANG_WARN_INFINITE_RECURSION = YES;
				CLANG_WARN_INT_CONVERSION = YES;
				CLANG_WARN_NON_LITERAL_NULL_CONVERSION = YES;
				CLANG_WARN_OBJC_IMPLICIT_RETAIN_SELF = YES;
				CLANG_WARN_OBJC_LITERAL_CONVERSION = YES;
				CLANG_WARN_OBJC_ROOT_CLASS = YES_ERROR;
				CLANG_WARN_QUOTED_INCLUDE_IN_FRAMEWORK_HEADER = YES;
				CLANG_WARN_RANGE_LOOP_ANALYSIS = YES;
				CLANG_WARN_STRICT_PROTOTYPES = YES;
				CLANG_WARN_SUSPICIOUS_MOVE = YES;
				CLANG_WARN_UNGUARDED_AVAILABILITY = YES_AGGRESSIVE;
				CLANG_WARN_UNREACHABLE_CODE = YES;
				CLANG_WARN__DUPLICATE_METHOD_MATCH = YES;
				COPY_PHASE_STRIP = NO;
				DEBUG_INFORMATION_FORMAT = dwarf;
				ENABLE_STRICT_OBJC_MSGSEND = YES;
				ENABLE_TESTABILITY = YES;
				ENABLE_USER_SCRIPT_SANDBOXING = YES;
				GCC_C_LANGUAGE_STANDARD = gnu17;
				GCC_DYNAMIC_NO_PIC = NO;
				GCC_NO_COMMON_BLOCKS = YES;
				GCC_OPTIMIZATION_LEVEL = 0;
				GCC_PREPROCESSOR_DEFINITIONS = (
					"DEBUG=1",
					"$(inherited)",
				);
				GCC_WARN_64_TO_32_BIT_CONVERSION = YES;
				GCC_WARN_ABOUT_RETURN_TYPE = YES_ERROR;
				GCC_WARN_UNDECLARED_SELECTOR = YES;
				GCC_WARN_UNINITIALIZED_AUTOS = YES_AGGRESSIVE;
				GCC_WARN_UNUSED_FUNCTION = YES;
				GCC_WARN_UNUSED_VARIABLE = YES;
				IPHONEOS_DEPLOYMENT_TARGET = 17.2;
				LOCALIZATION_PREFERS_STRING_CATALOGS = YES;
				MTL_ENABLE_DEBUG_INFO = INCLUDE_SOURCE;
				MTL_FAST_MATH = YES;
				ONLY_ACTIVE_ARCH = YES;
				SDKROOT = iphoneos;
				SWIFT_ACTIVE_COMPILATION_CONDITIONS = "DEBUG $(inherited)";
				SWIFT_OPTIMIZATION_LEVEL = "-Onone";
			};
			name = Debug;
		};
		E6E63B782B32D0720001C824 /* Release */ = {
			isa = XCBuildConfiguration;
			buildSettings = {
				ALWAYS_SEARCH_USER_PATHS = NO;
				ASSETCATALOG_COMPILER_GENERATE_SWIFT_ASSET_SYMBOL_EXTENSIONS = YES;
				CLANG_ANALYZER_NONNULL = YES;
				CLANG_ANALYZER_NUMBER_OBJECT_CONVERSION = YES_AGGRESSIVE;
				CLANG_CXX_LANGUAGE_STANDARD = "gnu++20";
				CLANG_ENABLE_MODULES = YES;
				CLANG_ENABLE_OBJC_ARC = YES;
				CLANG_ENABLE_OBJC_WEAK = YES;
				CLANG_WARN_BLOCK_CAPTURE_AUTORELEASING = YES;
				CLANG_WARN_BOOL_CONVERSION = YES;
				CLANG_WARN_COMMA = YES;
				CLANG_WARN_CONSTANT_CONVERSION = YES;
				CLANG_WARN_DEPRECATED_OBJC_IMPLEMENTATIONS = YES;
				CLANG_WARN_DIRECT_OBJC_ISA_USAGE = YES_ERROR;
				CLANG_WARN_DOCUMENTATION_COMMENTS = YES;
				CLANG_WARN_EMPTY_BODY = YES;
				CLANG_WARN_ENUM_CONVERSION = YES;
				CLANG_WARN_INFINITE_RECURSION = YES;
				CLANG_WARN_INT_CONVERSION = YES;
				CLANG_WARN_NON_LITERAL_NULL_CONVERSION = YES;
				CLANG_WARN_OBJC_IMPLICIT_RETAIN_SELF = YES;
				CLANG_WARN_OBJC_LITERAL_CONVERSION = YES;
				CLANG_WARN_OBJC_ROOT_CLASS = YES_ERROR;
				CLANG_WARN_QUOTED_INCLUDE_IN_FRAMEWORK_HEADER = YES;
				CLANG_WARN_RANGE_LOOP_ANALYSIS = YES;
				CLANG_WARN_STRICT_PROTOTYPES = YES;
				CLANG_WARN_SUSPICIOUS_MOVE = YES;
				CLANG_WARN_UNGUARDED_AVAILABILITY = YES_AGGRESSIVE;
				CLANG_WARN_UNREACHABLE_CODE = YES;
				CLANG_WARN__DUPLICATE_METHOD_MATCH = YES;
				COPY_PHASE_STRIP = NO;
				DEBUG_INFORMATION_FORMAT = "dwarf-with-dsym";
				ENABLE_NS_ASSERTIONS = NO;
				ENABLE_STRICT_OBJC_MSGSEND = YES;
				ENABLE_USER_SCRIPT_SANDBOXING = YES;
				GCC_C_LANGUAGE_STANDARD = gnu17;
				GCC_NO_COMMON_BLOCKS = YES;
				GCC_WARN_64_TO_32_BIT_CONVERSION = YES;
				GCC_WARN_ABOUT_RETURN_TYPE = YES_ERROR;
				GCC_WARN_UNDECLARED_SELECTOR = YES;
				GCC_WARN_UNINITIALIZED_AUTOS = YES_AGGRESSIVE;
				GCC_WARN_UNUSED_FUNCTION = YES;
				GCC_WARN_UNUSED_VARIABLE = YES;
				IPHONEOS_DEPLOYMENT_TARGET = 17.2;
				LOCALIZATION_PREFERS_STRING_CATALOGS = YES;
				MTL_ENABLE_DEBUG_INFO = NO;
				MTL_FAST_MATH = YES;
				SDKROOT = iphoneos;
				SWIFT_COMPILATION_MODE = wholemodule;
				VALIDATE_PRODUCT = YES;
			};
			name = Release;
		};
		E6E63B7A2B32D0720001C824 /* Debug */ = {
			isa = XCBuildConfiguration;
			buildSettings = {
				ASSETCATALOG_COMPILER_APPICON_NAME = AppIcon;
				ASSETCATALOG_COMPILER_GLOBAL_ACCENT_COLOR_NAME = AccentColor;
				CODE_SIGN_STYLE = Automatic;
				CURRENT_PROJECT_VERSION = 1;
				GENERATE_INFOPLIST_FILE = YES;
				INFOPLIST_FILE = ChristmasSwapFace/Info.plist;
				INFOPLIST_KEY_UIApplicationSupportsIndirectInputEvents = YES;
				INFOPLIST_KEY_UILaunchStoryboardName = LaunchScreen;
				INFOPLIST_KEY_UIMainStoryboardFile = Main;
				INFOPLIST_KEY_UISupportedInterfaceOrientations_iPad = "UIInterfaceOrientationPortrait UIInterfaceOrientationPortraitUpsideDown UIInterfaceOrientationLandscapeLeft UIInterfaceOrientationLandscapeRight";
				INFOPLIST_KEY_UISupportedInterfaceOrientations_iPhone = "UIInterfaceOrientationPortrait UIInterfaceOrientationLandscapeLeft UIInterfaceOrientationLandscapeRight";
				IPHONEOS_DEPLOYMENT_TARGET = 13.0;
				LD_RUNPATH_SEARCH_PATHS = (
					"$(inherited)",
					"@executable_path/Frameworks",
				);
				MARKETING_VERSION = 1.0;
				PRODUCT_BUNDLE_IDENTIFIER = jkkjkj.ChristmasSwapFace;
				PRODUCT_NAME = "$(TARGET_NAME)";
				SWIFT_EMIT_LOC_STRINGS = YES;
				SWIFT_VERSION = 5.0;
				TARGETED_DEVICE_FAMILY = "1,2";
			};
			name = Debug;
		};
		E6E63B7B2B32D0720001C824 /* Release */ = {
			isa = XCBuildConfiguration;
			buildSettings = {
				ASSETCATALOG_COMPILER_APPICON_NAME = AppIcon;
				ASSETCATALOG_COMPILER_GLOBAL_ACCENT_COLOR_NAME = AccentColor;
				CODE_SIGN_STYLE = Automatic;
				CURRENT_PROJECT_VERSION = 1;
				GENERATE_INFOPLIST_FILE = YES;
				INFOPLIST_FILE = ChristmasSwapFace/Info.plist;
				INFOPLIST_KEY_UIApplicationSupportsIndirectInputEvents = YES;
				INFOPLIST_KEY_UILaunchStoryboardName = LaunchScreen;
				INFOPLIST_KEY_UIMainStoryboardFile = Main;
				INFOPLIST_KEY_UISupportedInterfaceOrientations_iPad = "UIInterfaceOrientationPortrait UIInterfaceOrientationPortraitUpsideDown UIInterfaceOrientationLandscapeLeft UIInterfaceOrientationLandscapeRight";
				INFOPLIST_KEY_UISupportedInterfaceOrientations_iPhone = "UIInterfaceOrientationPortrait UIInterfaceOrientationLandscapeLeft UIInterfaceOrientationLandscapeRight";
				IPHONEOS_DEPLOYMENT_TARGET = 13.0;
				LD_RUNPATH_SEARCH_PATHS = (
					"$(inherited)",
					"@executable_path/Frameworks",
				);
				MARKETING_VERSION = 1.0;
				PRODUCT_BUNDLE_IDENTIFIER = jkkjkj.ChristmasSwapFace;
				PRODUCT_NAME = "$(TARGET_NAME)";
				SWIFT_EMIT_LOC_STRINGS = YES;
				SWIFT_VERSION = 5.0;
				TARGETED_DEVICE_FAMILY = "1,2";
			};
			name = Release;
		};
/* End XCBuildConfiguration section */

/* Begin XCConfigurationList section */
		E6E63B602B32D06F0001C824 /* Build configuration list for PBXProject "ChristmasSwapFace" */ = {
			isa = XCConfigurationList;
			buildConfigurations = (
				E6E63B772B32D0720001C824 /* Debug */,
				E6E63B782B32D0720001C824 /* Release */,
			);
			defaultConfigurationIsVisible = 0;
			defaultConfigurationName = Release;
		};
		E6E63B792B32D0720001C824 /* Build configuration list for PBXNativeTarget "ChristmasSwapFace" */ = {
			isa = XCConfigurationList;
			buildConfigurations = (
				E6E63B7A2B32D0720001C824 /* Debug */,
				E6E63B7B2B32D0720001C824 /* Release */,
			);
			defaultConfigurationIsVisible = 0;
			defaultConfigurationName = Release;
		};
/* End XCConfigurationList section */
	};
	rootObject = E6E63B5D2B32D06F0001C824 /* Project object */;
}
