// !$*UTF8*$!
{
	archiveVersion = 1;
	classes = {
	};
	objectVersion = 56;
	objects = {

/* Begin PBXBuildFile section */
		62BE3584BC54A77E2537A908 /* Pods_ChristmasSwapFace.framework in Frameworks */ = {isa = PBXBuildFile; fileRef = AC21BD8414A81DDB845981E4 /* Pods_ChristmasSwapFace.framework */; };
		E617DD4B2B38864300CBA1E3 /* UserModal.swift in Sources */ = {isa = PBXBuildFile; fileRef = E617DD4A2B38864300CBA1E3 /* UserModal.swift */; };
		E619FA702B3C2AC90058321F /* noel.mp4 in Resources */ = {isa = PBXBuildFile; fileRef = E619FA6B2B3C2AC90058321F /* noel.mp4 */; };
		E619FA712B3C2AC90058321F /* santahalloween.mp4 in Resources */ = {isa = PBXBuildFile; fileRef = E619FA6C2B3C2AC90058321F /* santahalloween.mp4 */; };
		E619FA722B3C2AC90058321F /* hotsanta.mp4 in Resources */ = {isa = PBXBuildFile; fileRef = E619FA6D2B3C2AC90058321F /* hotsanta.mp4 */; };
		E619FA732B3C2AC90058321F /* original.mp4 in Resources */ = {isa = PBXBuildFile; fileRef = E619FA6E2B3C2AC90058321F /* original.mp4 */; };
		E619FA742B3C2AC90058321F /* santaclaus.mp4 in Resources */ = {isa = PBXBuildFile; fileRef = E619FA6F2B3C2AC90058321F /* santaclaus.mp4 */; };
		E619FA772B3C2B190058321F /* PaymentManager.swift in Sources */ = {isa = PBXBuildFile; fileRef = E619FA762B3C2B190058321F /* PaymentManager.swift */; };
		E619FA792B3C2B3A0058321F /* AdmobManager.swift in Sources */ = {isa = PBXBuildFile; fileRef = E619FA782B3C2B3A0058321F /* AdmobManager.swift */; };
		E619FA7B2B3C2B4F0058321F /* Extensions.swift in Sources */ = {isa = PBXBuildFile; fileRef = E619FA7A2B3C2B4F0058321F /* Extensions.swift */; };
		E619FA7D2B3C2B600058321F /* ProConfigure.swift in Sources */ = {isa = PBXBuildFile; fileRef = E619FA7C2B3C2B600058321F /* ProConfigure.swift */; };
		E619FA892B3C2BCC0058321F /* Ikson - Christmas (No Copyright Christmas Music Instrumental).mp3 in Resources */ = {isa = PBXBuildFile; fileRef = E619FA7F2B3C2BCC0058321F /* Ikson - Christmas (No Copyright Christmas Music Instrumental).mp3 */; };
		E619FA8A2B3C2BCC0058321F /* BACKGROUND NOEL FREE.mp3 in Resources */ = {isa = PBXBuildFile; fileRef = E619FA802B3C2BCC0058321F /* BACKGROUND NOEL FREE.mp3 */; };
		E619FA8B2B3C2BCC0058321F /* nhacChuong.mp3 in Resources */ = {isa = PBXBuildFile; fileRef = E619FA812B3C2BCC0058321F /* nhacChuong.mp3 */; };
		E619FA8C2B3C2BCC0058321F /* british_dontfight_brothersister.m4a in Resources */ = {isa = PBXBuildFile; fileRef = E619FA822B3C2BCC0058321F /* british_dontfight_brothersister.m4a */; };
		E619FA8D2B3C2BCC0058321F /* ringring.mp3 in Resources */ = {isa = PBXBuildFile; fileRef = E619FA832B3C2BCC0058321F /* ringring.mp3 */; };
		E619FA8E2B3C2BCC0058321F /* british_dontfight_brother.m4a in Resources */ = {isa = PBXBuildFile; fileRef = E619FA842B3C2BCC0058321F /* british_dontfight_brother.m4a */; };
		E619FA8F2B3C2BCC0058321F /* santaAudio.mp3 in Resources */ = {isa = PBXBuildFile; fileRef = E619FA852B3C2BCC0058321F /* santaAudio.mp3 */; };
		E619FA902B3C2BCC0058321F /* british_dontfight_sister.m4a in Resources */ = {isa = PBXBuildFile; fileRef = E619FA862B3C2BCC0058321F /* british_dontfight_sister.m4a */; };
		E619FA912B3C2BCC0058321F /* british_dontfight_sister.mp3 in Resources */ = {isa = PBXBuildFile; fileRef = E619FA872B3C2BCC0058321F /* british_dontfight_sister.mp3 */; };
		E619FA922B3C2BCC0058321F /* Somewhere in my memory - John Williams (Home alone soundtrack).mp3 in Resources */ = {isa = PBXBuildFile; fileRef = E619FA882B3C2BCC0058321F /* Somewhere in my memory - John Williams (Home alone soundtrack).mp3 */; };
		E619FA952B3C2C030058321F /* Eliza.swift in Sources */ = {isa = PBXBuildFile; fileRef = E619FA942B3C2C030058321F /* Eliza.swift */; };
		E619FA972B3C2C2A0058321F /* ChatModel.swift in Sources */ = {isa = PBXBuildFile; fileRef = E619FA962B3C2C2A0058321F /* ChatModel.swift */; };
		E619FA9A2B3C2DEE0058321F /* santa.gif in Resources */ = {isa = PBXBuildFile; fileRef = E619FA992B3C2DEE0058321F /* santa.gif */; };
		E619FA9C2B3C2DF90058321F /* santa2.gif in Resources */ = {isa = PBXBuildFile; fileRef = E619FA9B2B3C2DF90058321F /* santa2.gif */; };
		E619FA9F2B3C2E290058321F /* santa.mp4 in Resources */ = {isa = PBXBuildFile; fileRef = E619FA9E2B3C2E290058321F /* santa.mp4 */; };
		E619FAA12B3C2E550058321F /* snoww.gif in Resources */ = {isa = PBXBuildFile; fileRef = E619FAA02B3C2E550058321F /* snoww.gif */; };
		E619FAA32B3C2E770058321F /* gif.swift in Sources */ = {isa = PBXBuildFile; fileRef = E619FAA22B3C2E770058321F /* gif.swift */; };
		E619FAA52B3C2E920058321F /* File.swift in Sources */ = {isa = PBXBuildFile; fileRef = E619FAA42B3C2E910058321F /* File.swift */; };
		E619FAAD2B3C2EE70058321F /* SantaChatTBV.swift in Sources */ = {isa = PBXBuildFile; fileRef = E619FAA72B3C2EE70058321F /* SantaChatTBV.swift */; };
		E619FAAE2B3C2EE70058321F /* YouChatTBV.swift in Sources */ = {isa = PBXBuildFile; fileRef = E619FAA82B3C2EE70058321F /* YouChatTBV.swift */; };
		E619FAAF2B3C2EE70058321F /* CellCon.swift in Sources */ = {isa = PBXBuildFile; fileRef = E619FAA92B3C2EE70058321F /* CellCon.swift */; };
		E619FAB02B3C2EE70058321F /* YouChatTBV.xib in Resources */ = {isa = PBXBuildFile; fileRef = E619FAAA2B3C2EE70058321F /* YouChatTBV.xib */; };
		E619FAB12B3C2EE70058321F /* CellCon.xib in Resources */ = {isa = PBXBuildFile; fileRef = E619FAAB2B3C2EE70058321F /* CellCon.xib */; };
		E619FAB22B3C2EE70058321F /* SantaChatTBV.xib in Resources */ = {isa = PBXBuildFile; fileRef = E619FAAC2B3C2EE70058321F /* SantaChatTBV.xib */; };
		E619FAB52B3C2F1D0058321F /* Ext.swift in Sources */ = {isa = PBXBuildFile; fileRef = E619FAB42B3C2F1D0058321F /* Ext.swift */; };
		E619FAB72B3C30870058321F /* ChatViewController.swift in Sources */ = {isa = PBXBuildFile; fileRef = E619FAB62B3C30870058321F /* ChatViewController.swift */; };
		E66032982B3D2E8D00766F16 /* VideoCallViewController2.swift in Sources */ = {isa = PBXBuildFile; fileRef = E66032972B3D2E8D00766F16 /* VideoCallViewController2.swift */; };
		E6B2BF422B341544009057D2 /* LoginupViewController.swift in Sources */ = {isa = PBXBuildFile; fileRef = E6B2BF412B341544009057D2 /* LoginupViewController.swift */; };
		E6B2BF442B341C01009057D2 /* MainForgetViewController.swift in Sources */ = {isa = PBXBuildFile; fileRef = E6B2BF432B341C01009057D2 /* MainForgetViewController.swift */; };
		E6B2BF462B341C22009057D2 /* ConfigdForgetViewController.swift in Sources */ = {isa = PBXBuildFile; fileRef = E6B2BF452B341C22009057D2 /* ConfigdForgetViewController.swift */; };
		E6B2BF482B341C3F009057D2 /* otpForgetViewController.swift in Sources */ = {isa = PBXBuildFile; fileRef = E6B2BF472B341C3F009057D2 /* otpForgetViewController.swift */; };
		E6B2BF4B2B343B5C009057D2 /* CallStabord.storyboard in Resources */ = {isa = PBXBuildFile; fileRef = E6B2BF4A2B343B5C009057D2 /* CallStabord.storyboard */; };
		E6B2BF4D2B343B76009057D2 /* MainCallViewController.swift in Sources */ = {isa = PBXBuildFile; fileRef = E6B2BF4C2B343B76009057D2 /* MainCallViewController.swift */; };
		E6B2BF4F2B3447CC009057D2 /* SanTacall2ViewController.swift in Sources */ = {isa = PBXBuildFile; fileRef = E6B2BF4E2B3447CC009057D2 /* SanTacall2ViewController.swift */; };
		E6B2BF512B3448ED009057D2 /* Santall3CallViewController.swift in Sources */ = {isa = PBXBuildFile; fileRef = E6B2BF502B3448ED009057D2 /* Santall3CallViewController.swift */; };
		E6B58ABE2B39253100FD2DB0 /* APIService.swift in Sources */ = {isa = PBXBuildFile; fileRef = E6B58ABD2B39253100FD2DB0 /* APIService.swift */; };
		E6B58AC02B392AAE00FD2DB0 /* UserAPI.swift in Sources */ = {isa = PBXBuildFile; fileRef = E6B58ABF2B392AAE00FD2DB0 /* UserAPI.swift */; };
		E6B58AC32B39318F00FD2DB0 /* BaseService.swift in Sources */ = {isa = PBXBuildFile; fileRef = E6B58AC22B39318F00FD2DB0 /* BaseService.swift */; };
		E6B58AC52B3931F800FD2DB0 /* ConfigurationBase.swift in Sources */ = {isa = PBXBuildFile; fileRef = E6B58AC42B3931F800FD2DB0 /* ConfigurationBase.swift */; };
		E6B58AC82B39341E00FD2DB0 /* String+Extension.swift in Sources */ = {isa = PBXBuildFile; fileRef = E6B58AC72B39341E00FD2DB0 /* String+Extension.swift */; };
		E6B58ACA2B39369000FD2DB0 /* UserServiceConfiguration.swift in Sources */ = {isa = PBXBuildFile; fileRef = E6B58AC92B39369000FD2DB0 /* UserServiceConfiguration.swift */; };
		E6B58ACC2B3936C600FD2DB0 /* ServiceConstant.swift in Sources */ = {isa = PBXBuildFile; fileRef = E6B58ACB2B3936C600FD2DB0 /* ServiceConstant.swift */; };
		E6B58ACE2B3936F700FD2DB0 /* Configs.swift in Sources */ = {isa = PBXBuildFile; fileRef = E6B58ACD2B3936F700FD2DB0 /* Configs.swift */; };
		E6B58AD02B39373800FD2DB0 /* Enviroment.swift in Sources */ = {isa = PBXBuildFile; fileRef = E6B58ACF2B39373800FD2DB0 /* Enviroment.swift */; };
		E6B58AD22B3957C300FD2DB0 /* Optional+Extension.swift in Sources */ = {isa = PBXBuildFile; fileRef = E6B58AD12B3957C300FD2DB0 /* Optional+Extension.swift */; };
		E6B58AD42B3957F800FD2DB0 /* UIViewController+Extension.swift in Sources */ = {isa = PBXBuildFile; fileRef = E6B58AD32B3957F800FD2DB0 /* UIViewController+Extension.swift */; };
		E6B58AD82B3958F700FD2DB0 /* LoadingView.swift in Sources */ = {isa = PBXBuildFile; fileRef = E6B58AD72B3958F700FD2DB0 /* LoadingView.swift */; };
		E6B58ADA2B39598100FD2DB0 /* BaseViewController.swift in Sources */ = {isa = PBXBuildFile; fileRef = E6B58AD92B39598100FD2DB0 /* BaseViewController.swift */; };
		E6B58ADC2B3959EE00FD2DB0 /* UINavigation+Extension.swift in Sources */ = {isa = PBXBuildFile; fileRef = E6B58ADB2B3959EE00FD2DB0 /* UINavigation+Extension.swift */; };
		E6B58ADF2B395A6800FD2DB0 /* AppConstant.swift in Sources */ = {isa = PBXBuildFile; fileRef = E6B58ADE2B395A6800FD2DB0 /* AppConstant.swift */; };
		E6B58AE12B395DAF00FD2DB0 /* UIColor+Extension.swift in Sources */ = {isa = PBXBuildFile; fileRef = E6B58AE02B395DAF00FD2DB0 /* UIColor+Extension.swift */; };
		E6B58AE32B396EB900FD2DB0 /* MainSwapfaceViewController.swift in Sources */ = {isa = PBXBuildFile; fileRef = E6B58AE22B396EB900FD2DB0 /* MainSwapfaceViewController.swift */; };
		E6B58AE72B39778800FD2DB0 /* VideoCollectionViewCell.swift in Sources */ = {isa = PBXBuildFile; fileRef = E6B58AE52B39778800FD2DB0 /* VideoCollectionViewCell.swift */; };
		E6B58AE82B39778800FD2DB0 /* VideoCollectionViewCell.xib in Resources */ = {isa = PBXBuildFile; fileRef = E6B58AE62B39778800FD2DB0 /* VideoCollectionViewCell.xib */; };
		E6B58AEB2B39812300FD2DB0 /* ListVideoModal.swift in Sources */ = {isa = PBXBuildFile; fileRef = E6B58AEA2B39812300FD2DB0 /* ListVideoModal.swift */; };
		E6CFFBD42B353D8200684331 /* SantalCall4ViewController.swift in Sources */ = {isa = PBXBuildFile; fileRef = E6CFFBD32B353D8200684331 /* SantalCall4ViewController.swift */; };
		E6CFFBD62B353F2E00684331 /* SantaCallVideoViewController.swift in Sources */ = {isa = PBXBuildFile; fileRef = E6CFFBD52B353F2E00684331 /* SantaCallVideoViewController.swift */; };
		E6CFFBDB2B3542B700684331 /* StoryBar.storyboard in Resources */ = {isa = PBXBuildFile; fileRef = E6CFFBDA2B3542B700684331 /* StoryBar.storyboard */; };
		E6CFFBDD2B3542CE00684331 /* StoryListViewController.swift in Sources */ = {isa = PBXBuildFile; fileRef = E6CFFBDC2B3542CE00684331 /* StoryListViewController.swift */; };
		E6CFFBDF2B35447400684331 /* StoryList1ViewController.swift in Sources */ = {isa = PBXBuildFile; fileRef = E6CFFBDE2B35447400684331 /* StoryList1ViewController.swift */; };
		E6E63B692B32D06F0001C824 /* AppDelegate.swift in Sources */ = {isa = PBXBuildFile; fileRef = E6E63B682B32D06F0001C824 /* AppDelegate.swift */; };
		E6E63B6B2B32D06F0001C824 /* SceneDelegate.swift in Sources */ = {isa = PBXBuildFile; fileRef = E6E63B6A2B32D06F0001C824 /* SceneDelegate.swift */; };
		E6E63B6D2B32D06F0001C824 /* MainViewController.swift in Sources */ = {isa = PBXBuildFile; fileRef = E6E63B6C2B32D06F0001C824 /* MainViewController.swift */; };
		E6E63B702B32D06F0001C824 /* Main.storyboard in Resources */ = {isa = PBXBuildFile; fileRef = E6E63B6E2B32D06F0001C824 /* Main.storyboard */; };
		E6E63B722B32D0720001C824 /* Assets.xcassets in Resources */ = {isa = PBXBuildFile; fileRef = E6E63B712B32D0720001C824 /* Assets.xcassets */; };
		E6E63B752B32D0720001C824 /* LaunchScreen.storyboard in Resources */ = {isa = PBXBuildFile; fileRef = E6E63B732B32D0720001C824 /* LaunchScreen.storyboard */; };
		E6F78EC42B3A84B000C08F5E /* BorderUIVIew.swift in Sources */ = {isa = PBXBuildFile; fileRef = E6F78EC32B3A84B000C08F5E /* BorderUIVIew.swift */; };
		E6F78EC72B3AB45300C08F5E /* RegisterAPI.swift in Sources */ = {isa = PBXBuildFile; fileRef = E6F78EC62B3AB45300C08F5E /* RegisterAPI.swift */; };
		E6F78EC92B3AB47E00C08F5E /* RegisterModel.swift in Sources */ = {isa = PBXBuildFile; fileRef = E6F78EC82B3AB47E00C08F5E /* RegisterModel.swift */; };
		E6F78ECB2B3AB4C200C08F5E /* RegisterServiceConfiguration.swift in Sources */ = {isa = PBXBuildFile; fileRef = E6F78ECA2B3AB4C200C08F5E /* RegisterServiceConfiguration.swift */; };
		E6F78ECD2B3AC74800C08F5E /* NSMutableAttributedString.swift in Sources */ = {isa = PBXBuildFile; fileRef = E6F78ECC2B3AC74800C08F5E /* NSMutableAttributedString.swift */; };
		E6F78ED02B3AC88000C08F5E /* HomeAPI.swift in Sources */ = {isa = PBXBuildFile; fileRef = E6F78ECF2B3AC88000C08F5E /* HomeAPI.swift */; };
		E6F78ED22B3AC97B00C08F5E /* HomeModel.swift in Sources */ = {isa = PBXBuildFile; fileRef = E6F78ED12B3AC97B00C08F5E /* HomeModel.swift */; };
		E6F78ED42B3AC99600C08F5E /* HomeServiceConfiguration.swift in Sources */ = {isa = PBXBuildFile; fileRef = E6F78ED32B3AC99600C08F5E /* HomeServiceConfiguration.swift */; };
		E6F78ED62B3ACA2600C08F5E /* APIKeyIMGBB.swift in Sources */ = {isa = PBXBuildFile; fileRef = E6F78ED52B3ACA2600C08F5E /* APIKeyIMGBB.swift */; };
/* End PBXBuildFile section */

/* Begin PBXFileReference section */
		553CFFAEB63C383C4778B8F1 /* Pods-ChristmasSwapFace.release.xcconfig */ = {isa = PBXFileReference; includeInIndex = 1; lastKnownFileType = text.xcconfig; name = "Pods-ChristmasSwapFace.release.xcconfig"; path = "Target Support Files/Pods-ChristmasSwapFace/Pods-ChristmasSwapFace.release.xcconfig"; sourceTree = "<group>"; };
		9726F02242A28E9E5E47A1F3 /* Pods-ChristmasSwapFace.debug.xcconfig */ = {isa = PBXFileReference; includeInIndex = 1; lastKnownFileType = text.xcconfig; name = "Pods-ChristmasSwapFace.debug.xcconfig"; path = "Target Support Files/Pods-ChristmasSwapFace/Pods-ChristmasSwapFace.debug.xcconfig"; sourceTree = "<group>"; };
		AC21BD8414A81DDB845981E4 /* Pods_ChristmasSwapFace.framework */ = {isa = PBXFileReference; explicitFileType = wrapper.framework; includeInIndex = 0; path = Pods_ChristmasSwapFace.framework; sourceTree = BUILT_PRODUCTS_DIR; };
		E617DD4A2B38864300CBA1E3 /* UserModal.swift */ = {isa = PBXFileReference; lastKnownFileType = sourcecode.swift; path = UserModal.swift; sourceTree = "<group>"; };
		E619FA6B2B3C2AC90058321F /* noel.mp4 */ = {isa = PBXFileReference; lastKnownFileType = file; name = noel.mp4; path = ../../../../../../Downloads/noel.mp4; sourceTree = "<group>"; };
		E619FA6C2B3C2AC90058321F /* santahalloween.mp4 */ = {isa = PBXFileReference; lastKnownFileType = file; name = santahalloween.mp4; path = ../../../../../../Downloads/santahalloween.mp4; sourceTree = "<group>"; };
		E619FA6D2B3C2AC90058321F /* hotsanta.mp4 */ = {isa = PBXFileReference; lastKnownFileType = file; name = hotsanta.mp4; path = ../../../../../../Downloads/hotsanta.mp4; sourceTree = "<group>"; };
		E619FA6E2B3C2AC90058321F /* original.mp4 */ = {isa = PBXFileReference; lastKnownFileType = file; name = original.mp4; path = ../../../../../../Downloads/original.mp4; sourceTree = "<group>"; };
		E619FA6F2B3C2AC90058321F /* santaclaus.mp4 */ = {isa = PBXFileReference; lastKnownFileType = file; name = santaclaus.mp4; path = ../../../../../../Downloads/santaclaus.mp4; sourceTree = "<group>"; };
		E619FA762B3C2B190058321F /* PaymentManager.swift */ = {isa = PBXFileReference; lastKnownFileType = sourcecode.swift; path = PaymentManager.swift; sourceTree = "<group>"; };
		E619FA782B3C2B3A0058321F /* AdmobManager.swift */ = {isa = PBXFileReference; lastKnownFileType = sourcecode.swift; path = AdmobManager.swift; sourceTree = "<group>"; };
		E619FA7A2B3C2B4F0058321F /* Extensions.swift */ = {isa = PBXFileReference; lastKnownFileType = sourcecode.swift; path = Extensions.swift; sourceTree = "<group>"; };
		E619FA7C2B3C2B600058321F /* ProConfigure.swift */ = {isa = PBXFileReference; lastKnownFileType = sourcecode.swift; path = ProConfigure.swift; sourceTree = "<group>"; };
		E619FA7F2B3C2BCC0058321F /* Ikson - Christmas (No Copyright Christmas Music Instrumental).mp3 */ = {isa = PBXFileReference; lastKnownFileType = audio.mp3; name = "Ikson - Christmas (No Copyright Christmas Music Instrumental).mp3"; path = "../../../../../../Downloads/lanntt2022-santa-calls-video-chatbot-c7491c98438f/Sound/Ikson - Christmas (No Copyright Christmas Music Instrumental).mp3"; sourceTree = "<group>"; };
		E619FA802B3C2BCC0058321F /* BACKGROUND NOEL FREE.mp3 */ = {isa = PBXFileReference; lastKnownFileType = audio.mp3; name = "BACKGROUND NOEL FREE.mp3"; path = "../../../../../../Downloads/lanntt2022-santa-calls-video-chatbot-c7491c98438f/Sound/BACKGROUND NOEL FREE.mp3"; sourceTree = "<group>"; };
		E619FA812B3C2BCC0058321F /* nhacChuong.mp3 */ = {isa = PBXFileReference; lastKnownFileType = audio.mp3; name = nhacChuong.mp3; path = "../../../../../../Downloads/lanntt2022-santa-calls-video-chatbot-c7491c98438f/Sound/nhacChuong.mp3"; sourceTree = "<group>"; };
		E619FA822B3C2BCC0058321F /* british_dontfight_brothersister.m4a */ = {isa = PBXFileReference; lastKnownFileType = file; name = british_dontfight_brothersister.m4a; path = "../../../../../../Downloads/lanntt2022-santa-calls-video-chatbot-c7491c98438f/Sound/british_dontfight_brothersister.m4a"; sourceTree = "<group>"; };
		E619FA832B3C2BCC0058321F /* ringring.mp3 */ = {isa = PBXFileReference; lastKnownFileType = audio.mp3; name = ringring.mp3; path = "../../../../../../Downloads/lanntt2022-santa-calls-video-chatbot-c7491c98438f/Sound/ringring.mp3"; sourceTree = "<group>"; };
		E619FA842B3C2BCC0058321F /* british_dontfight_brother.m4a */ = {isa = PBXFileReference; lastKnownFileType = file; name = british_dontfight_brother.m4a; path = "../../../../../../Downloads/lanntt2022-santa-calls-video-chatbot-c7491c98438f/Sound/british_dontfight_brother.m4a"; sourceTree = "<group>"; };
		E619FA852B3C2BCC0058321F /* santaAudio.mp3 */ = {isa = PBXFileReference; lastKnownFileType = audio.mp3; name = santaAudio.mp3; path = "../../../../../../Downloads/lanntt2022-santa-calls-video-chatbot-c7491c98438f/Sound/santaAudio.mp3"; sourceTree = "<group>"; };
		E619FA862B3C2BCC0058321F /* british_dontfight_sister.m4a */ = {isa = PBXFileReference; lastKnownFileType = file; name = british_dontfight_sister.m4a; path = "../../../../../../Downloads/lanntt2022-santa-calls-video-chatbot-c7491c98438f/Sound/british_dontfight_sister.m4a"; sourceTree = "<group>"; };
		E619FA872B3C2BCC0058321F /* british_dontfight_sister.mp3 */ = {isa = PBXFileReference; lastKnownFileType = audio.mp3; name = british_dontfight_sister.mp3; path = "../../../../../../Downloads/lanntt2022-santa-calls-video-chatbot-c7491c98438f/Sound/british_dontfight_sister.mp3"; sourceTree = "<group>"; };
		E619FA882B3C2BCC0058321F /* Somewhere in my memory - John Williams (Home alone soundtrack).mp3 */ = {isa = PBXFileReference; lastKnownFileType = audio.mp3; name = "Somewhere in my memory - John Williams (Home alone soundtrack).mp3"; path = "../../../../../../Downloads/lanntt2022-santa-calls-video-chatbot-c7491c98438f/Sound/Somewhere in my memory - John Williams (Home alone soundtrack).mp3"; sourceTree = "<group>"; };
		E619FA942B3C2C030058321F /* Eliza.swift */ = {isa = PBXFileReference; lastKnownFileType = sourcecode.swift; path = Eliza.swift; sourceTree = "<group>"; };
		E619FA962B3C2C2A0058321F /* ChatModel.swift */ = {isa = PBXFileReference; lastKnownFileType = sourcecode.swift; path = ChatModel.swift; sourceTree = "<group>"; };
		E619FA992B3C2DEE0058321F /* santa.gif */ = {isa = PBXFileReference; lastKnownFileType = image.gif; name = santa.gif; path = "../../../../Downloads/lanntt2022-santa-calls-video-chatbot-c7491c98438f/SantaCallingApp/santa.gif"; sourceTree = "<group>"; };
		E619FA9B2B3C2DF90058321F /* santa2.gif */ = {isa = PBXFileReference; lastKnownFileType = image.gif; name = santa2.gif; path = "../../../../Downloads/lanntt2022-santa-calls-video-chatbot-c7491c98438f/SantaCallingApp/santa2.gif"; sourceTree = "<group>"; };
		E619FA9E2B3C2E290058321F /* santa.mp4 */ = {isa = PBXFileReference; lastKnownFileType = file; name = santa.mp4; path = ../../../../Downloads/santa.mp4; sourceTree = "<group>"; };
		E619FAA02B3C2E550058321F /* snoww.gif */ = {isa = PBXFileReference; lastKnownFileType = image.gif; name = snoww.gif; path = "../../../../Downloads/lanntt2022-santa-calls-video-chatbot-c7491c98438f/SantaCallingApp/snoww.gif"; sourceTree = "<group>"; };
		E619FAA22B3C2E770058321F /* gif.swift */ = {isa = PBXFileReference; fileEncoding = 4; lastKnownFileType = sourcecode.swift; name = gif.swift; path = "../../../../Downloads/lanntt2022-santa-calls-video-chatbot-c7491c98438f/SantaCallingApp/gif.swift"; sourceTree = "<group>"; };
		E619FAA42B3C2E910058321F /* File.swift */ = {isa = PBXFileReference; fileEncoding = 4; lastKnownFileType = sourcecode.swift; name = File.swift; path = "../../../../Downloads/lanntt2022-santa-calls-video-chatbot-c7491c98438f/SantaCallingApp/File.swift"; sourceTree = "<group>"; };
		E619FAA72B3C2EE70058321F /* SantaChatTBV.swift */ = {isa = PBXFileReference; fileEncoding = 4; lastKnownFileType = sourcecode.swift; name = SantaChatTBV.swift; path = "../../../../../../Downloads/lanntt2022-santa-calls-video-chatbot-c7491c98438f/ChatView/SantaChatTBV.swift"; sourceTree = "<group>"; };
		E619FAA82B3C2EE70058321F /* YouChatTBV.swift */ = {isa = PBXFileReference; fileEncoding = 4; lastKnownFileType = sourcecode.swift; name = YouChatTBV.swift; path = "../../../../../../Downloads/lanntt2022-santa-calls-video-chatbot-c7491c98438f/ChatView/YouChatTBV.swift"; sourceTree = "<group>"; };
		E619FAA92B3C2EE70058321F /* CellCon.swift */ = {isa = PBXFileReference; fileEncoding = 4; lastKnownFileType = sourcecode.swift; name = CellCon.swift; path = "../../../../../../Downloads/lanntt2022-santa-calls-video-chatbot-c7491c98438f/ChatView/CellCon.swift"; sourceTree = "<group>"; };
		E619FAAA2B3C2EE70058321F /* YouChatTBV.xib */ = {isa = PBXFileReference; fileEncoding = 4; lastKnownFileType = file.xib; name = YouChatTBV.xib; path = "../../../../../../Downloads/lanntt2022-santa-calls-video-chatbot-c7491c98438f/ChatView/YouChatTBV.xib"; sourceTree = "<group>"; };
		E619FAAB2B3C2EE70058321F /* CellCon.xib */ = {isa = PBXFileReference; fileEncoding = 4; lastKnownFileType = file.xib; name = CellCon.xib; path = "../../../../../../Downloads/lanntt2022-santa-calls-video-chatbot-c7491c98438f/ChatView/CellCon.xib"; sourceTree = "<group>"; };
		E619FAAC2B3C2EE70058321F /* SantaChatTBV.xib */ = {isa = PBXFileReference; fileEncoding = 4; lastKnownFileType = file.xib; name = SantaChatTBV.xib; path = "../../../../../../Downloads/lanntt2022-santa-calls-video-chatbot-c7491c98438f/ChatView/SantaChatTBV.xib"; sourceTree = "<group>"; };
		E619FAB42B3C2F1D0058321F /* Ext.swift */ = {isa = PBXFileReference; lastKnownFileType = sourcecode.swift; path = Ext.swift; sourceTree = "<group>"; };
		E619FAB62B3C30870058321F /* ChatViewController.swift */ = {isa = PBXFileReference; lastKnownFileType = sourcecode.swift; path = ChatViewController.swift; sourceTree = "<group>"; };
		E66032972B3D2E8D00766F16 /* VideoCallViewController2.swift */ = {isa = PBXFileReference; lastKnownFileType = sourcecode.swift; path = VideoCallViewController2.swift; sourceTree = "<group>"; };
		E6B2BF412B341544009057D2 /* LoginupViewController.swift */ = {isa = PBXFileReference; lastKnownFileType = sourcecode.swift; path = LoginupViewController.swift; sourceTree = "<group>"; };
		E6B2BF432B341C01009057D2 /* MainForgetViewController.swift */ = {isa = PBXFileReference; lastKnownFileType = sourcecode.swift; path = MainForgetViewController.swift; sourceTree = "<group>"; };
		E6B2BF452B341C22009057D2 /* ConfigdForgetViewController.swift */ = {isa = PBXFileReference; lastKnownFileType = sourcecode.swift; path = ConfigdForgetViewController.swift; sourceTree = "<group>"; };
		E6B2BF472B341C3F009057D2 /* otpForgetViewController.swift */ = {isa = PBXFileReference; lastKnownFileType = sourcecode.swift; path = otpForgetViewController.swift; sourceTree = "<group>"; };
		E6B2BF4A2B343B5C009057D2 /* CallStabord.storyboard */ = {isa = PBXFileReference; lastKnownFileType = file.storyboard; path = CallStabord.storyboard; sourceTree = "<group>"; };
		E6B2BF4C2B343B76009057D2 /* MainCallViewController.swift */ = {isa = PBXFileReference; lastKnownFileType = sourcecode.swift; path = MainCallViewController.swift; sourceTree = "<group>"; };
		E6B2BF4E2B3447CC009057D2 /* SanTacall2ViewController.swift */ = {isa = PBXFileReference; lastKnownFileType = sourcecode.swift; path = SanTacall2ViewController.swift; sourceTree = "<group>"; };
		E6B2BF502B3448ED009057D2 /* Santall3CallViewController.swift */ = {isa = PBXFileReference; lastKnownFileType = sourcecode.swift; path = Santall3CallViewController.swift; sourceTree = "<group>"; };
		E6B58ABD2B39253100FD2DB0 /* APIService.swift */ = {isa = PBXFileReference; lastKnownFileType = sourcecode.swift; path = APIService.swift; sourceTree = "<group>"; };
		E6B58ABF2B392AAE00FD2DB0 /* UserAPI.swift */ = {isa = PBXFileReference; lastKnownFileType = sourcecode.swift; path = UserAPI.swift; sourceTree = "<group>"; };
		E6B58AC22B39318F00FD2DB0 /* BaseService.swift */ = {isa = PBXFileReference; lastKnownFileType = sourcecode.swift; path = BaseService.swift; sourceTree = "<group>"; };
		E6B58AC42B3931F800FD2DB0 /* ConfigurationBase.swift */ = {isa = PBXFileReference; lastKnownFileType = sourcecode.swift; path = ConfigurationBase.swift; sourceTree = "<group>"; };
		E6B58AC72B39341E00FD2DB0 /* String+Extension.swift */ = {isa = PBXFileReference; lastKnownFileType = sourcecode.swift; path = "String+Extension.swift"; sourceTree = "<group>"; };
		E6B58AC92B39369000FD2DB0 /* UserServiceConfiguration.swift */ = {isa = PBXFileReference; lastKnownFileType = sourcecode.swift; path = UserServiceConfiguration.swift; sourceTree = "<group>"; };
		E6B58ACB2B3936C600FD2DB0 /* ServiceConstant.swift */ = {isa = PBXFileReference; lastKnownFileType = sourcecode.swift; path = ServiceConstant.swift; sourceTree = "<group>"; };
		E6B58ACD2B3936F700FD2DB0 /* Configs.swift */ = {isa = PBXFileReference; lastKnownFileType = sourcecode.swift; path = Configs.swift; sourceTree = "<group>"; };
		E6B58ACF2B39373800FD2DB0 /* Enviroment.swift */ = {isa = PBXFileReference; lastKnownFileType = sourcecode.swift; path = Enviroment.swift; sourceTree = "<group>"; };
		E6B58AD12B3957C300FD2DB0 /* Optional+Extension.swift */ = {isa = PBXFileReference; lastKnownFileType = sourcecode.swift; path = "Optional+Extension.swift"; sourceTree = "<group>"; };
		E6B58AD32B3957F800FD2DB0 /* UIViewController+Extension.swift */ = {isa = PBXFileReference; lastKnownFileType = sourcecode.swift; path = "UIViewController+Extension.swift"; sourceTree = "<group>"; };
		E6B58AD72B3958F700FD2DB0 /* LoadingView.swift */ = {isa = PBXFileReference; lastKnownFileType = sourcecode.swift; path = LoadingView.swift; sourceTree = "<group>"; };
		E6B58AD92B39598100FD2DB0 /* BaseViewController.swift */ = {isa = PBXFileReference; lastKnownFileType = sourcecode.swift; path = BaseViewController.swift; sourceTree = "<group>"; };
		E6B58ADB2B3959EE00FD2DB0 /* UINavigation+Extension.swift */ = {isa = PBXFileReference; lastKnownFileType = sourcecode.swift; path = "UINavigation+Extension.swift"; sourceTree = "<group>"; };
		E6B58ADE2B395A6800FD2DB0 /* AppConstant.swift */ = {isa = PBXFileReference; lastKnownFileType = sourcecode.swift; path = AppConstant.swift; sourceTree = "<group>"; };
		E6B58AE02B395DAF00FD2DB0 /* UIColor+Extension.swift */ = {isa = PBXFileReference; lastKnownFileType = sourcecode.swift; path = "UIColor+Extension.swift"; sourceTree = "<group>"; };
		E6B58AE22B396EB900FD2DB0 /* MainSwapfaceViewController.swift */ = {isa = PBXFileReference; lastKnownFileType = sourcecode.swift; path = MainSwapfaceViewController.swift; sourceTree = "<group>"; };
		E6B58AE52B39778800FD2DB0 /* VideoCollectionViewCell.swift */ = {isa = PBXFileReference; lastKnownFileType = sourcecode.swift; path = VideoCollectionViewCell.swift; sourceTree = "<group>"; };
		E6B58AE62B39778800FD2DB0 /* VideoCollectionViewCell.xib */ = {isa = PBXFileReference; lastKnownFileType = file.xib; path = VideoCollectionViewCell.xib; sourceTree = "<group>"; };
		E6B58AEA2B39812300FD2DB0 /* ListVideoModal.swift */ = {isa = PBXFileReference; lastKnownFileType = sourcecode.swift; path = ListVideoModal.swift; sourceTree = "<group>"; };
		E6CFFBD32B353D8200684331 /* SantalCall4ViewController.swift */ = {isa = PBXFileReference; lastKnownFileType = sourcecode.swift; path = SantalCall4ViewController.swift; sourceTree = "<group>"; };
		E6CFFBD52B353F2E00684331 /* SantaCallVideoViewController.swift */ = {isa = PBXFileReference; lastKnownFileType = sourcecode.swift; path = SantaCallVideoViewController.swift; sourceTree = "<group>"; };
		E6CFFBDA2B3542B700684331 /* StoryBar.storyboard */ = {isa = PBXFileReference; lastKnownFileType = file.storyboard; path = StoryBar.storyboard; sourceTree = "<group>"; };
		E6CFFBDC2B3542CE00684331 /* StoryListViewController.swift */ = {isa = PBXFileReference; lastKnownFileType = sourcecode.swift; path = StoryListViewController.swift; sourceTree = "<group>"; };
		E6CFFBDE2B35447400684331 /* StoryList1ViewController.swift */ = {isa = PBXFileReference; lastKnownFileType = sourcecode.swift; path = StoryList1ViewController.swift; sourceTree = "<group>"; };
		E6E63B652B32D06F0001C824 /* ChristmasSwapFace.app */ = {isa = PBXFileReference; explicitFileType = wrapper.application; includeInIndex = 0; path = ChristmasSwapFace.app; sourceTree = BUILT_PRODUCTS_DIR; };
		E6E63B682B32D06F0001C824 /* AppDelegate.swift */ = {isa = PBXFileReference; lastKnownFileType = sourcecode.swift; path = AppDelegate.swift; sourceTree = "<group>"; };
		E6E63B6A2B32D06F0001C824 /* SceneDelegate.swift */ = {isa = PBXFileReference; lastKnownFileType = sourcecode.swift; path = SceneDelegate.swift; sourceTree = "<group>"; };
		E6E63B6C2B32D06F0001C824 /* MainViewController.swift */ = {isa = PBXFileReference; lastKnownFileType = sourcecode.swift; path = MainViewController.swift; sourceTree = "<group>"; };
		E6E63B6F2B32D06F0001C824 /* Base */ = {isa = PBXFileReference; lastKnownFileType = file.storyboard; name = Base; path = Base.lproj/Main.storyboard; sourceTree = "<group>"; };
		E6E63B712B32D0720001C824 /* Assets.xcassets */ = {isa = PBXFileReference; lastKnownFileType = folder.assetcatalog; path = Assets.xcassets; sourceTree = "<group>"; };
		E6E63B742B32D0720001C824 /* Base */ = {isa = PBXFileReference; lastKnownFileType = file.storyboard; name = Base; path = Base.lproj/LaunchScreen.storyboard; sourceTree = "<group>"; };
		E6E63B762B32D0720001C824 /* Info.plist */ = {isa = PBXFileReference; lastKnownFileType = text.plist.xml; path = Info.plist; sourceTree = "<group>"; };
		E6F78EC32B3A84B000C08F5E /* BorderUIVIew.swift */ = {isa = PBXFileReference; lastKnownFileType = sourcecode.swift; path = BorderUIVIew.swift; sourceTree = "<group>"; };
		E6F78EC62B3AB45300C08F5E /* RegisterAPI.swift */ = {isa = PBXFileReference; lastKnownFileType = sourcecode.swift; path = RegisterAPI.swift; sourceTree = "<group>"; };
		E6F78EC82B3AB47E00C08F5E /* RegisterModel.swift */ = {isa = PBXFileReference; lastKnownFileType = sourcecode.swift; path = RegisterModel.swift; sourceTree = "<group>"; };
		E6F78ECA2B3AB4C200C08F5E /* RegisterServiceConfiguration.swift */ = {isa = PBXFileReference; lastKnownFileType = sourcecode.swift; path = RegisterServiceConfiguration.swift; sourceTree = "<group>"; };
		E6F78ECC2B3AC74800C08F5E /* NSMutableAttributedString.swift */ = {isa = PBXFileReference; lastKnownFileType = sourcecode.swift; path = NSMutableAttributedString.swift; sourceTree = "<group>"; };
		E6F78ECF2B3AC88000C08F5E /* HomeAPI.swift */ = {isa = PBXFileReference; lastKnownFileType = sourcecode.swift; path = HomeAPI.swift; sourceTree = "<group>"; };
		E6F78ED12B3AC97B00C08F5E /* HomeModel.swift */ = {isa = PBXFileReference; lastKnownFileType = sourcecode.swift; path = HomeModel.swift; sourceTree = "<group>"; };
		E6F78ED32B3AC99600C08F5E /* HomeServiceConfiguration.swift */ = {isa = PBXFileReference; lastKnownFileType = sourcecode.swift; path = HomeServiceConfiguration.swift; sourceTree = "<group>"; };
		E6F78ED52B3ACA2600C08F5E /* APIKeyIMGBB.swift */ = {isa = PBXFileReference; lastKnownFileType = sourcecode.swift; path = APIKeyIMGBB.swift; sourceTree = "<group>"; };
/* End PBXFileReference section */

/* Begin PBXFrameworksBuildPhase section */
		E6E63B622B32D06F0001C824 /* Frameworks */ = {
			isa = PBXFrameworksBuildPhase;
			buildActionMask = 2147483647;
			files = (
				62BE3584BC54A77E2537A908 /* Pods_ChristmasSwapFace.framework in Frameworks */,
			);
			runOnlyForDeploymentPostprocessing = 0;
		};
/* End PBXFrameworksBuildPhase section */

/* Begin PBXGroup section */
		79A2F6A07615985932D8DCF4 /* Frameworks */ = {
			isa = PBXGroup;
			children = (
				AC21BD8414A81DDB845981E4 /* Pods_ChristmasSwapFace.framework */,
			);
			name = Frameworks;
			sourceTree = "<group>";
		};
		A3C6FF74920BE65E050B157F /* Pods */ = {
			isa = PBXGroup;
			children = (
				9726F02242A28E9E5E47A1F3 /* Pods-ChristmasSwapFace.debug.xcconfig */,
				553CFFAEB63C383C4778B8F1 /* Pods-ChristmasSwapFace.release.xcconfig */,
			);
			path = Pods;
			sourceTree = "<group>";
		};
		E617DD462B38856800CBA1E3 /* service */ = {
			isa = PBXGroup;
			children = (
				E6B58AC22B39318F00FD2DB0 /* BaseService.swift */,
				E6B58AC42B3931F800FD2DB0 /* ConfigurationBase.swift */,
				E6B58ABD2B39253100FD2DB0 /* APIService.swift */,
				E6B58ACB2B3936C600FD2DB0 /* ServiceConstant.swift */,
				E6B58ACD2B3936F700FD2DB0 /* Configs.swift */,
				E6B58ACF2B39373800FD2DB0 /* Enviroment.swift */,
			);
			path = service;
			sourceTree = "<group>";
		};
		E617DD492B38862300CBA1E3 /* Modal */ = {
			isa = PBXGroup;
			children = (
				E6F78ECE2B3AC86A00C08F5E /* Home */,
				E6B58AE92B39810300FD2DB0 /* ListVideo */,
				E617DD4A2B38864300CBA1E3 /* UserModal.swift */,
				E6B58ABF2B392AAE00FD2DB0 /* UserAPI.swift */,
				E6B58AC92B39369000FD2DB0 /* UserServiceConfiguration.swift */,
				E619FA962B3C2C2A0058321F /* ChatModel.swift */,
			);
			path = Modal;
			sourceTree = "<group>";
		};
		E619FA6A2B3C2AA30058321F /* VideoSanta */ = {
			isa = PBXGroup;
			children = (
				E619FA752B3C2AF00058321F /* Admob */,
				E619FA6D2B3C2AC90058321F /* hotsanta.mp4 */,
				E619FA6B2B3C2AC90058321F /* noel.mp4 */,
				E619FA6E2B3C2AC90058321F /* original.mp4 */,
				E619FA6F2B3C2AC90058321F /* santaclaus.mp4 */,
				E619FA6C2B3C2AC90058321F /* santahalloween.mp4 */,
			);
			path = VideoSanta;
			sourceTree = "<group>";
		};
		E619FA752B3C2AF00058321F /* Admob */ = {
			isa = PBXGroup;
			children = (
				E619FA762B3C2B190058321F /* PaymentManager.swift */,
				E619FA782B3C2B3A0058321F /* AdmobManager.swift */,
				E619FA7A2B3C2B4F0058321F /* Extensions.swift */,
				E619FA7C2B3C2B600058321F /* ProConfigure.swift */,
			);
			path = Admob;
			sourceTree = "<group>";
		};
		E619FA7E2B3C2B9C0058321F /* Sound */ = {
			isa = PBXGroup;
			children = (
				E619FA802B3C2BCC0058321F /* BACKGROUND NOEL FREE.mp3 */,
				E619FA842B3C2BCC0058321F /* british_dontfight_brother.m4a */,
				E619FA822B3C2BCC0058321F /* british_dontfight_brothersister.m4a */,
				E619FA862B3C2BCC0058321F /* british_dontfight_sister.m4a */,
				E619FA872B3C2BCC0058321F /* british_dontfight_sister.mp3 */,
				E619FA7F2B3C2BCC0058321F /* Ikson - Christmas (No Copyright Christmas Music Instrumental).mp3 */,
				E619FA812B3C2BCC0058321F /* nhacChuong.mp3 */,
				E619FA832B3C2BCC0058321F /* ringring.mp3 */,
				E619FA852B3C2BCC0058321F /* santaAudio.mp3 */,
				E619FA882B3C2BCC0058321F /* Somewhere in my memory - John Williams (Home alone soundtrack).mp3 */,
			);
			path = Sound;
			sourceTree = "<group>";
		};
		E619FA932B3C2BEB0058321F /* DataChat */ = {
			isa = PBXGroup;
			children = (
				E619FA942B3C2C030058321F /* Eliza.swift */,
			);
			path = DataChat;
			sourceTree = "<group>";
		};
		E619FA982B3C2D500058321F /* callviewcontroller */ = {
			isa = PBXGroup;
			children = (
				E6B58AE22B396EB900FD2DB0 /* MainSwapfaceViewController.swift */,
				E6CFFBD52B353F2E00684331 /* SantaCallVideoViewController.swift */,
				E6CFFBD32B353D8200684331 /* SantalCall4ViewController.swift */,
				E6B2BF502B3448ED009057D2 /* Santall3CallViewController.swift */,
				E6B2BF4E2B3447CC009057D2 /* SanTacall2ViewController.swift */,
				E6B2BF4C2B343B76009057D2 /* MainCallViewController.swift */,
				E619FAB62B3C30870058321F /* ChatViewController.swift */,
				E66032972B3D2E8D00766F16 /* VideoCallViewController2.swift */,
			);
			path = callviewcontroller;
			sourceTree = "<group>";
		};
		E619FAA62B3C2EAC0058321F /* ChatView */ = {
			isa = PBXGroup;
			children = (
				E619FAA92B3C2EE70058321F /* CellCon.swift */,
				E619FAAB2B3C2EE70058321F /* CellCon.xib */,
				E619FAA72B3C2EE70058321F /* SantaChatTBV.swift */,
				E619FAAC2B3C2EE70058321F /* SantaChatTBV.xib */,
				E619FAA82B3C2EE70058321F /* YouChatTBV.swift */,
				E619FAAA2B3C2EE70058321F /* YouChatTBV.xib */,
			);
			path = ChatView;
			sourceTree = "<group>";
		};
		E619FAB32B3C2EFF0058321F /* Ext */ = {
			isa = PBXGroup;
			children = (
				E619FAB42B3C2F1D0058321F /* Ext.swift */,
			);
			path = Ext;
			sourceTree = "<group>";
		};
		E6B2BF492B343B46009057D2 /* Call */ = {
			isa = PBXGroup;
			children = (
				E619FAB32B3C2EFF0058321F /* Ext */,
				E619FAA62B3C2EAC0058321F /* ChatView */,
				E619FA982B3C2D500058321F /* callviewcontroller */,
				E619FA932B3C2BEB0058321F /* DataChat */,
				E619FA7E2B3C2B9C0058321F /* Sound */,
				E619FA6A2B3C2AA30058321F /* VideoSanta */,
				E6B58AE42B39776500FD2DB0 /* listvideo */,
				E6B2BF4A2B343B5C009057D2 /* CallStabord.storyboard */,
			);
			path = Call;
			sourceTree = "<group>";
		};
		E6B58AC62B39340300FD2DB0 /* Extension */ = {
			isa = PBXGroup;
			children = (
				E6B58AC72B39341E00FD2DB0 /* String+Extension.swift */,
				E6B58AD12B3957C300FD2DB0 /* Optional+Extension.swift */,
				E6B58AD32B3957F800FD2DB0 /* UIViewController+Extension.swift */,
				E6B58ADB2B3959EE00FD2DB0 /* UINavigation+Extension.swift */,
				E6B58AE02B395DAF00FD2DB0 /* UIColor+Extension.swift */,
				E6F78EC32B3A84B000C08F5E /* BorderUIVIew.swift */,
				E6F78ECC2B3AC74800C08F5E /* NSMutableAttributedString.swift */,
			);
			path = Extension;
			sourceTree = "<group>";
		};
		E6B58AD52B3958C900FD2DB0 /* Common */ = {
			isa = PBXGroup;
			children = (
				E6B58ADD2B395A4F00FD2DB0 /* Constant */,
				E6B58AD62B3958EA00FD2DB0 /* Loading */,
				E6B58AD92B39598100FD2DB0 /* BaseViewController.swift */,
			);
			path = Common;
			sourceTree = "<group>";
		};
		E6B58AD62B3958EA00FD2DB0 /* Loading */ = {
			isa = PBXGroup;
			children = (
				E6B58AD72B3958F700FD2DB0 /* LoadingView.swift */,
			);
			path = Loading;
			sourceTree = "<group>";
		};
		E6B58ADD2B395A4F00FD2DB0 /* Constant */ = {
			isa = PBXGroup;
			children = (
				E6B58ADE2B395A6800FD2DB0 /* AppConstant.swift */,
			);
			path = Constant;
			sourceTree = "<group>";
		};
		E6B58AE42B39776500FD2DB0 /* listvideo */ = {
			isa = PBXGroup;
			children = (
				E6B58AE52B39778800FD2DB0 /* VideoCollectionViewCell.swift */,
				E6B58AE62B39778800FD2DB0 /* VideoCollectionViewCell.xib */,
			);
			path = listvideo;
			sourceTree = "<group>";
		};
		E6B58AE92B39810300FD2DB0 /* ListVideo */ = {
			isa = PBXGroup;
			children = (
				E6B58AEA2B39812300FD2DB0 /* ListVideoModal.swift */,
			);
			path = ListVideo;
			sourceTree = "<group>";
		};
		E6CFFBD92B3542A100684331 /* Story */ = {
			isa = PBXGroup;
			children = (
				E6CFFBDA2B3542B700684331 /* StoryBar.storyboard */,
				E6CFFBDC2B3542CE00684331 /* StoryListViewController.swift */,
				E6CFFBDE2B35447400684331 /* StoryList1ViewController.swift */,
			);
			path = Story;
			sourceTree = "<group>";
		};
		E6E63B5C2B32D06F0001C824 = {
			isa = PBXGroup;
			children = (
				E6E63B672B32D06F0001C824 /* ChristmasSwapFace */,
				E6E63B662B32D06F0001C824 /* Products */,
				A3C6FF74920BE65E050B157F /* Pods */,
				79A2F6A07615985932D8DCF4 /* Frameworks */,
			);
			sourceTree = "<group>";
		};
		E6E63B662B32D06F0001C824 /* Products */ = {
			isa = PBXGroup;
			children = (
				E6E63B652B32D06F0001C824 /* ChristmasSwapFace.app */,
			);
			name = Products;
			sourceTree = "<group>";
		};
		E6E63B672B32D06F0001C824 /* ChristmasSwapFace */ = {
			isa = PBXGroup;
			children = (
				E6F78EC52B3AB43A00C08F5E /* Register */,
				E6B58AD52B3958C900FD2DB0 /* Common */,
				E6B58AC62B39340300FD2DB0 /* Extension */,
				E617DD492B38862300CBA1E3 /* Modal */,
				E617DD462B38856800CBA1E3 /* service */,
				E6CFFBD92B3542A100684331 /* Story */,
				E6B2BF492B343B46009057D2 /* Call */,
				E6E63B7E2B32DCCA0001C824 /* ViewController */,
				E6E63B7D2B32D6C70001C824 /* Login */,
				E6E63B682B32D06F0001C824 /* AppDelegate.swift */,
				E6E63B6A2B32D06F0001C824 /* SceneDelegate.swift */,
				E619FA9B2B3C2DF90058321F /* santa2.gif */,
				E619FA992B3C2DEE0058321F /* santa.gif */,
				E619FA9E2B3C2E290058321F /* santa.mp4 */,
				E619FAA02B3C2E550058321F /* snoww.gif */,
				E619FAA22B3C2E770058321F /* gif.swift */,
				E619FAA42B3C2E910058321F /* File.swift */,
				E6E63B6E2B32D06F0001C824 /* Main.storyboard */,
				E6E63B712B32D0720001C824 /* Assets.xcassets */,
				E6E63B732B32D0720001C824 /* LaunchScreen.storyboard */,
				E6E63B762B32D0720001C824 /* Info.plist */,
			);
			path = ChristmasSwapFace;
			sourceTree = "<group>";
		};
		E6E63B7D2B32D6C70001C824 /* Login */ = {
			isa = PBXGroup;
			children = (
				E6B2BF412B341544009057D2 /* LoginupViewController.swift */,
				E6B2BF432B341C01009057D2 /* MainForgetViewController.swift */,
				E6B2BF452B341C22009057D2 /* ConfigdForgetViewController.swift */,
				E6B2BF472B341C3F009057D2 /* otpForgetViewController.swift */,
			);
			path = Login;
			sourceTree = "<group>";
		};
		E6E63B7E2B32DCCA0001C824 /* ViewController */ = {
			isa = PBXGroup;
			children = (
				E6E63B6C2B32D06F0001C824 /* MainViewController.swift */,
			);
			path = ViewController;
			sourceTree = "<group>";
		};
		E6F78EC52B3AB43A00C08F5E /* Register */ = {
			isa = PBXGroup;
			children = (
				E6F78EC62B3AB45300C08F5E /* RegisterAPI.swift */,
				E6F78EC82B3AB47E00C08F5E /* RegisterModel.swift */,
				E6F78ECA2B3AB4C200C08F5E /* RegisterServiceConfiguration.swift */,
			);
			path = Register;
			sourceTree = "<group>";
		};
		E6F78ECE2B3AC86A00C08F5E /* Home */ = {
			isa = PBXGroup;
			children = (
				E6F78ECF2B3AC88000C08F5E /* HomeAPI.swift */,
				E6F78ED12B3AC97B00C08F5E /* HomeModel.swift */,
				E6F78ED32B3AC99600C08F5E /* HomeServiceConfiguration.swift */,
				E6F78ED52B3ACA2600C08F5E /* APIKeyIMGBB.swift */,
			);
			path = Home;
			sourceTree = "<group>";
		};
/* End PBXGroup section */

/* Begin PBXNativeTarget section */
		E6E63B642B32D06F0001C824 /* ChristmasSwapFace */ = {
			isa = PBXNativeTarget;
			buildConfigurationList = E6E63B792B32D0720001C824 /* Build configuration list for PBXNativeTarget "ChristmasSwapFace" */;
			buildPhases = (
				10923C72951FBB39A3BBADBF /* [CP] Check Pods Manifest.lock */,
				E6E63B612B32D06F0001C824 /* Sources */,
				E6E63B622B32D06F0001C824 /* Frameworks */,
				E6E63B632B32D06F0001C824 /* Resources */,
				B7CEFBC15B413184EC254117 /* [CP] Embed Pods Frameworks */,
			);
			buildRules = (
			);
			dependencies = (
			);
			name = ChristmasSwapFace;
			productName = ChristmasSwapFace;
			productReference = E6E63B652B32D06F0001C824 /* ChristmasSwapFace.app */;
			productType = "com.apple.product-type.application";
		};
/* End PBXNativeTarget section */

/* Begin PBXProject section */
		E6E63B5D2B32D06F0001C824 /* Project object */ = {
			isa = PBXProject;
			attributes = {
				BuildIndependentTargetsInParallel = 1;
				LastSwiftUpdateCheck = 1510;
				LastUpgradeCheck = 1510;
				TargetAttributes = {
					E6E63B642B32D06F0001C824 = {
						CreatedOnToolsVersion = 15.1;
					};
				};
			};
			buildConfigurationList = E6E63B602B32D06F0001C824 /* Build configuration list for PBXProject "ChristmasSwapFace" */;
			compatibilityVersion = "Xcode 14.0";
			developmentRegion = en;
			hasScannedForEncodings = 0;
			knownRegions = (
				en,
				Base,
			);
			mainGroup = E6E63B5C2B32D06F0001C824;
			productRefGroup = E6E63B662B32D06F0001C824 /* Products */;
			projectDirPath = "";
			projectRoot = "";
			targets = (
				E6E63B642B32D06F0001C824 /* ChristmasSwapFace */,
			);
		};
/* End PBXProject section */

/* Begin PBXResourcesBuildPhase section */
		E6E63B632B32D06F0001C824 /* Resources */ = {
			isa = PBXResourcesBuildPhase;
			buildActionMask = 2147483647;
			files = (
				E619FAB22B3C2EE70058321F /* SantaChatTBV.xib in Resources */,
				E619FAB12B3C2EE70058321F /* CellCon.xib in Resources */,
				E619FAA12B3C2E550058321F /* snoww.gif in Resources */,
				E619FA8B2B3C2BCC0058321F /* nhacChuong.mp3 in Resources */,
				E619FA8C2B3C2BCC0058321F /* british_dontfight_brothersister.m4a in Resources */,
				E619FA912B3C2BCC0058321F /* british_dontfight_sister.mp3 in Resources */,
				E6B58AE82B39778800FD2DB0 /* VideoCollectionViewCell.xib in Resources */,
				E619FA9C2B3C2DF90058321F /* santa2.gif in Resources */,
				E619FA8A2B3C2BCC0058321F /* BACKGROUND NOEL FREE.mp3 in Resources */,
				E619FA702B3C2AC90058321F /* noel.mp4 in Resources */,
				E6B2BF4B2B343B5C009057D2 /* CallStabord.storyboard in Resources */,
				E619FA8E2B3C2BCC0058321F /* british_dontfight_brother.m4a in Resources */,
				E619FA8F2B3C2BCC0058321F /* santaAudio.mp3 in Resources */,
				E619FA742B3C2AC90058321F /* santaclaus.mp4 in Resources */,
				E6CFFBDB2B3542B700684331 /* StoryBar.storyboard in Resources */,
				E6E63B752B32D0720001C824 /* LaunchScreen.storyboard in Resources */,
				E619FA892B3C2BCC0058321F /* Ikson - Christmas (No Copyright Christmas Music Instrumental).mp3 in Resources */,
				E619FA8D2B3C2BCC0058321F /* ringring.mp3 in Resources */,
				E619FA722B3C2AC90058321F /* hotsanta.mp4 in Resources */,
				E619FA922B3C2BCC0058321F /* Somewhere in my memory - John Williams (Home alone soundtrack).mp3 in Resources */,
				E619FA732B3C2AC90058321F /* original.mp4 in Resources */,
				E6E63B722B32D0720001C824 /* Assets.xcassets in Resources */,
				E619FA902B3C2BCC0058321F /* british_dontfight_sister.m4a in Resources */,
				E6E63B702B32D06F0001C824 /* Main.storyboard in Resources */,
				E619FA9A2B3C2DEE0058321F /* santa.gif in Resources */,
				E619FA712B3C2AC90058321F /* santahalloween.mp4 in Resources */,
				E619FAB02B3C2EE70058321F /* YouChatTBV.xib in Resources */,
				E619FA9F2B3C2E290058321F /* santa.mp4 in Resources */,
			);
			runOnlyForDeploymentPostprocessing = 0;
		};
/* End PBXResourcesBuildPhase section */

/* Begin PBXShellScriptBuildPhase section */
		10923C72951FBB39A3BBADBF /* [CP] Check Pods Manifest.lock */ = {
			isa = PBXShellScriptBuildPhase;
			buildActionMask = 2147483647;
			files = (
			);
			inputFileListPaths = (
			);
			inputPaths = (
				"${PODS_PODFILE_DIR_PATH}/Podfile.lock",
				"${PODS_ROOT}/Manifest.lock",
			);
			name = "[CP] Check Pods Manifest.lock";
			outputFileListPaths = (
			);
			outputPaths = (
				"$(DERIVED_FILE_DIR)/Pods-ChristmasSwapFace-checkManifestLockResult.txt",
			);
			runOnlyForDeploymentPostprocessing = 0;
			shellPath = /bin/sh;
			shellScript = "diff \"${PODS_PODFILE_DIR_PATH}/Podfile.lock\" \"${PODS_ROOT}/Manifest.lock\" > /dev/null\nif [ $? != 0 ] ; then\n    # print error to STDERR\n    echo \"error: The sandbox is not in sync with the Podfile.lock. Run 'pod install' or update your CocoaPods installation.\" >&2\n    exit 1\nfi\n# This output is used by Xcode 'outputs' to avoid re-running this script phase.\necho \"SUCCESS\" > \"${SCRIPT_OUTPUT_FILE_0}\"\n";
			showEnvVarsInLog = 0;
		};
		B7CEFBC15B413184EC254117 /* [CP] Embed Pods Frameworks */ = {
			isa = PBXShellScriptBuildPhase;
			buildActionMask = 2147483647;
			files = (
			);
			inputFileListPaths = (
				"${PODS_ROOT}/Target Support Files/Pods-ChristmasSwapFace/Pods-ChristmasSwapFace-frameworks-${CONFIGURATION}-input-files.xcfilelist",
			);
			name = "[CP] Embed Pods Frameworks";
			outputFileListPaths = (
				"${PODS_ROOT}/Target Support Files/Pods-ChristmasSwapFace/Pods-ChristmasSwapFace-frameworks-${CONFIGURATION}-output-files.xcfilelist",
			);
			runOnlyForDeploymentPostprocessing = 0;
			shellPath = /bin/sh;
			shellScript = "\"${PODS_ROOT}/Target Support Files/Pods-ChristmasSwapFace/Pods-ChristmasSwapFace-frameworks.sh\"\n";
			showEnvVarsInLog = 0;
		};
/* End PBXShellScriptBuildPhase section */

/* Begin PBXSourcesBuildPhase section */
		E6E63B612B32D06F0001C824 /* Sources */ = {
			isa = PBXSourcesBuildPhase;
			buildActionMask = 2147483647;
			files = (
				E6B58AEB2B39812300FD2DB0 /* ListVideoModal.swift in Sources */,
				E6B58AD42B3957F800FD2DB0 /* UIViewController+Extension.swift in Sources */,
				E6B58ABE2B39253100FD2DB0 /* APIService.swift in Sources */,
				E6B58AC82B39341E00FD2DB0 /* String+Extension.swift in Sources */,
				E6B2BF512B3448ED009057D2 /* Santall3CallViewController.swift in Sources */,
				E6B58AC32B39318F00FD2DB0 /* BaseService.swift in Sources */,
				E6B58AD82B3958F700FD2DB0 /* LoadingView.swift in Sources */,
				E619FAA32B3C2E770058321F /* gif.swift in Sources */,
				E6B2BF4F2B3447CC009057D2 /* SanTacall2ViewController.swift in Sources */,
				E6F78EC42B3A84B000C08F5E /* BorderUIVIew.swift in Sources */,
				E619FAAF2B3C2EE70058321F /* CellCon.swift in Sources */,
				E6B58AE32B396EB900FD2DB0 /* MainSwapfaceViewController.swift in Sources */,
				E6B58ACE2B3936F700FD2DB0 /* Configs.swift in Sources */,
				E619FAB52B3C2F1D0058321F /* Ext.swift in Sources */,
				E6CFFBD42B353D8200684331 /* SantalCall4ViewController.swift in Sources */,
				E6F78ED62B3ACA2600C08F5E /* APIKeyIMGBB.swift in Sources */,
				E6F78ECB2B3AB4C200C08F5E /* RegisterServiceConfiguration.swift in Sources */,
				E6B58AD02B39373800FD2DB0 /* Enviroment.swift in Sources */,
				E619FA792B3C2B3A0058321F /* AdmobManager.swift in Sources */,
				E619FA7D2B3C2B600058321F /* ProConfigure.swift in Sources */,
				E6E63B6D2B32D06F0001C824 /* MainViewController.swift in Sources */,
				E619FA952B3C2C030058321F /* Eliza.swift in Sources */,
				E619FA972B3C2C2A0058321F /* ChatModel.swift in Sources */,
				E6F78EC92B3AB47E00C08F5E /* RegisterModel.swift in Sources */,
				E6B58ACA2B39369000FD2DB0 /* UserServiceConfiguration.swift in Sources */,
				E6B2BF482B341C3F009057D2 /* otpForgetViewController.swift in Sources */,
				E6E63B692B32D06F0001C824 /* AppDelegate.swift in Sources */,
				E6E63B6B2B32D06F0001C824 /* SceneDelegate.swift in Sources */,
				E619FA772B3C2B190058321F /* PaymentManager.swift in Sources */,
				E6F78ED42B3AC99600C08F5E /* HomeServiceConfiguration.swift in Sources */,
				E6B2BF462B341C22009057D2 /* ConfigdForgetViewController.swift in Sources */,
				E6F78EC72B3AB45300C08F5E /* RegisterAPI.swift in Sources */,
				E6B2BF442B341C01009057D2 /* MainForgetViewController.swift in Sources */,
				E617DD4B2B38864300CBA1E3 /* UserModal.swift in Sources */,
				E619FAAD2B3C2EE70058321F /* SantaChatTBV.swift in Sources */,
				E6B2BF422B341544009057D2 /* LoginupViewController.swift in Sources */,
				E6CFFBD62B353F2E00684331 /* SantaCallVideoViewController.swift in Sources */,
				E6CFFBDF2B35447400684331 /* StoryList1ViewController.swift in Sources */,
				E6F78ED02B3AC88000C08F5E /* HomeAPI.swift in Sources */,
				E619FAAE2B3C2EE70058321F /* YouChatTBV.swift in Sources */,
				E6F78ECD2B3AC74800C08F5E /* NSMutableAttributedString.swift in Sources */,
				E6CFFBDD2B3542CE00684331 /* StoryListViewController.swift in Sources */,
				E6B58AE12B395DAF00FD2DB0 /* UIColor+Extension.swift in Sources */,
				E6B58AC52B3931F800FD2DB0 /* ConfigurationBase.swift in Sources */,
				E66032982B3D2E8D00766F16 /* VideoCallViewController2.swift in Sources */,
				E6B2BF4D2B343B76009057D2 /* MainCallViewController.swift in Sources */,
				E6B58ACC2B3936C600FD2DB0 /* ServiceConstant.swift in Sources */,
				E6B58AC02B392AAE00FD2DB0 /* UserAPI.swift in Sources */,
				E6B58AD22B3957C300FD2DB0 /* Optional+Extension.swift in Sources */,
				E619FAB72B3C30870058321F /* ChatViewController.swift in Sources */,
				E6B58AE72B39778800FD2DB0 /* VideoCollectionViewCell.swift in Sources */,
				E6F78ED22B3AC97B00C08F5E /* HomeModel.swift in Sources */,
				E619FA7B2B3C2B4F0058321F /* Extensions.swift in Sources */,
				E6B58ADA2B39598100FD2DB0 /* BaseViewController.swift in Sources */,
				E619FAA52B3C2E920058321F /* File.swift in Sources */,
				E6B58ADC2B3959EE00FD2DB0 /* UINavigation+Extension.swift in Sources */,
				E6B58ADF2B395A6800FD2DB0 /* AppConstant.swift in Sources */,
			);
			runOnlyForDeploymentPostprocessing = 0;
		};
/* End PBXSourcesBuildPhase section */

/* Begin PBXVariantGroup section */
		E6E63B6E2B32D06F0001C824 /* Main.storyboard */ = {
			isa = PBXVariantGroup;
			children = (
				E6E63B6F2B32D06F0001C824 /* Base */,
			);
			name = Main.storyboard;
			sourceTree = "<group>";
		};
		E6E63B732B32D0720001C824 /* LaunchScreen.storyboard */ = {
			isa = PBXVariantGroup;
			children = (
				E6E63B742B32D0720001C824 /* Base */,
			);
			name = LaunchScreen.storyboard;
			sourceTree = "<group>";
		};
/* End PBXVariantGroup section */

/* Begin XCBuildConfiguration section */
		E6E63B772B32D0720001C824 /* Debug */ = {
			isa = XCBuildConfiguration;
			buildSettings = {
				ALWAYS_SEARCH_USER_PATHS = NO;
				ASSETCATALOG_COMPILER_GENERATE_SWIFT_ASSET_SYMBOL_EXTENSIONS = YES;
				CLANG_ANALYZER_NONNULL = YES;
				CLANG_ANALYZER_NUMBER_OBJECT_CONVERSION = YES_AGGRESSIVE;
				CLANG_CXX_LANGUAGE_STANDARD = "gnu++20";
				CLANG_ENABLE_MODULES = YES;
				CLANG_ENABLE_OBJC_ARC = YES;
				CLANG_ENABLE_OBJC_WEAK = YES;
				CLANG_WARN_BLOCK_CAPTURE_AUTORELEASING = YES;
				CLANG_WARN_BOOL_CONVERSION = YES;
				CLANG_WARN_COMMA = YES;
				CLANG_WARN_CONSTANT_CONVERSION = YES;
				CLANG_WARN_DEPRECATED_OBJC_IMPLEMENTATIONS = YES;
				CLANG_WARN_DIRECT_OBJC_ISA_USAGE = YES_ERROR;
				CLANG_WARN_DOCUMENTATION_COMMENTS = YES;
				CLANG_WARN_EMPTY_BODY = YES;
				CLANG_WARN_ENUM_CONVERSION = YES;
				CLANG_WARN_INFINITE_RECURSION = YES;
				CLANG_WARN_INT_CONVERSION = YES;
				CLANG_WARN_NON_LITERAL_NULL_CONVERSION = YES;
				CLANG_WARN_OBJC_IMPLICIT_RETAIN_SELF = YES;
				CLANG_WARN_OBJC_LITERAL_CONVERSION = YES;
				CLANG_WARN_OBJC_ROOT_CLASS = YES_ERROR;
				CLANG_WARN_QUOTED_INCLUDE_IN_FRAMEWORK_HEADER = YES;
				CLANG_WARN_RANGE_LOOP_ANALYSIS = YES;
				CLANG_WARN_STRICT_PROTOTYPES = YES;
				CLANG_WARN_SUSPICIOUS_MOVE = YES;
				CLANG_WARN_UNGUARDED_AVAILABILITY = YES_AGGRESSIVE;
				CLANG_WARN_UNREACHABLE_CODE = YES;
				CLANG_WARN__DUPLICATE_METHOD_MATCH = YES;
				COPY_PHASE_STRIP = NO;
				DEBUG_INFORMATION_FORMAT = dwarf;
				ENABLE_STRICT_OBJC_MSGSEND = YES;
				ENABLE_TESTABILITY = YES;
				ENABLE_USER_SCRIPT_SANDBOXING = YES;
				GCC_C_LANGUAGE_STANDARD = gnu17;
				GCC_DYNAMIC_NO_PIC = NO;
				GCC_NO_COMMON_BLOCKS = YES;
				GCC_OPTIMIZATION_LEVEL = 0;
				GCC_PREPROCESSOR_DEFINITIONS = (
					"DEBUG=1",
					"$(inherited)",
				);
				GCC_WARN_64_TO_32_BIT_CONVERSION = YES;
				GCC_WARN_ABOUT_RETURN_TYPE = YES_ERROR;
				GCC_WARN_UNDECLARED_SELECTOR = YES;
				GCC_WARN_UNINITIALIZED_AUTOS = YES_AGGRESSIVE;
				GCC_WARN_UNUSED_FUNCTION = YES;
				GCC_WARN_UNUSED_VARIABLE = YES;
				IPHONEOS_DEPLOYMENT_TARGET = 17.2;
				LOCALIZATION_PREFERS_STRING_CATALOGS = YES;
				MTL_ENABLE_DEBUG_INFO = INCLUDE_SOURCE;
				MTL_FAST_MATH = YES;
				ONLY_ACTIVE_ARCH = YES;
				SDKROOT = iphoneos;
				SWIFT_ACTIVE_COMPILATION_CONDITIONS = "DEBUG $(inherited)";
				SWIFT_OPTIMIZATION_LEVEL = "-Onone";
			};
			name = Debug;
		};
		E6E63B782B32D0720001C824 /* Release */ = {
			isa = XCBuildConfiguration;
			buildSettings = {
				ALWAYS_SEARCH_USER_PATHS = NO;
				ASSETCATALOG_COMPILER_GENERATE_SWIFT_ASSET_SYMBOL_EXTENSIONS = YES;
				CLANG_ANALYZER_NONNULL = YES;
				CLANG_ANALYZER_NUMBER_OBJECT_CONVERSION = YES_AGGRESSIVE;
				CLANG_CXX_LANGUAGE_STANDARD = "gnu++20";
				CLANG_ENABLE_MODULES = YES;
				CLANG_ENABLE_OBJC_ARC = YES;
				CLANG_ENABLE_OBJC_WEAK = YES;
				CLANG_WARN_BLOCK_CAPTURE_AUTORELEASING = YES;
				CLANG_WARN_BOOL_CONVERSION = YES;
				CLANG_WARN_COMMA = YES;
				CLANG_WARN_CONSTANT_CONVERSION = YES;
				CLANG_WARN_DEPRECATED_OBJC_IMPLEMENTATIONS = YES;
				CLANG_WARN_DIRECT_OBJC_ISA_USAGE = YES_ERROR;
				CLANG_WARN_DOCUMENTATION_COMMENTS = YES;
				CLANG_WARN_EMPTY_BODY = YES;
				CLANG_WARN_ENUM_CONVERSION = YES;
				CLANG_WARN_INFINITE_RECURSION = YES;
				CLANG_WARN_INT_CONVERSION = YES;
				CLANG_WARN_NON_LITERAL_NULL_CONVERSION = YES;
				CLANG_WARN_OBJC_IMPLICIT_RETAIN_SELF = YES;
				CLANG_WARN_OBJC_LITERAL_CONVERSION = YES;
				CLANG_WARN_OBJC_ROOT_CLASS = YES_ERROR;
				CLANG_WARN_QUOTED_INCLUDE_IN_FRAMEWORK_HEADER = YES;
				CLANG_WARN_RANGE_LOOP_ANALYSIS = YES;
				CLANG_WARN_STRICT_PROTOTYPES = YES;
				CLANG_WARN_SUSPICIOUS_MOVE = YES;
				CLANG_WARN_UNGUARDED_AVAILABILITY = YES_AGGRESSIVE;
				CLANG_WARN_UNREACHABLE_CODE = YES;
				CLANG_WARN__DUPLICATE_METHOD_MATCH = YES;
				COPY_PHASE_STRIP = NO;
				DEBUG_INFORMATION_FORMAT = "dwarf-with-dsym";
				ENABLE_NS_ASSERTIONS = NO;
				ENABLE_STRICT_OBJC_MSGSEND = YES;
				ENABLE_USER_SCRIPT_SANDBOXING = YES;
				GCC_C_LANGUAGE_STANDARD = gnu17;
				GCC_NO_COMMON_BLOCKS = YES;
				GCC_WARN_64_TO_32_BIT_CONVERSION = YES;
				GCC_WARN_ABOUT_RETURN_TYPE = YES_ERROR;
				GCC_WARN_UNDECLARED_SELECTOR = YES;
				GCC_WARN_UNINITIALIZED_AUTOS = YES_AGGRESSIVE;
				GCC_WARN_UNUSED_FUNCTION = YES;
				GCC_WARN_UNUSED_VARIABLE = YES;
				IPHONEOS_DEPLOYMENT_TARGET = 17.2;
				LOCALIZATION_PREFERS_STRING_CATALOGS = YES;
				MTL_ENABLE_DEBUG_INFO = NO;
				MTL_FAST_MATH = YES;
				SDKROOT = iphoneos;
				SWIFT_COMPILATION_MODE = wholemodule;
				VALIDATE_PRODUCT = YES;
			};
			name = Release;
		};
		E6E63B7A2B32D0720001C824 /* Debug */ = {
			isa = XCBuildConfiguration;
			baseConfigurationReference = 9726F02242A28E9E5E47A1F3 /* Pods-ChristmasSwapFace.debug.xcconfig */;
			buildSettings = {
				ASSETCATALOG_COMPILER_APPICON_NAME = AppIcon;
				ASSETCATALOG_COMPILER_GLOBAL_ACCENT_COLOR_NAME = AccentColor;
				CODE_SIGN_STYLE = Automatic;
				CURRENT_PROJECT_VERSION = 1;
				ENABLE_USER_SCRIPT_SANDBOXING = NO;
				GENERATE_INFOPLIST_FILE = YES;
				INFOPLIST_FILE = ChristmasSwapFace/Info.plist;
				INFOPLIST_KEY_UIApplicationSupportsIndirectInputEvents = YES;
				INFOPLIST_KEY_UILaunchStoryboardName = LaunchScreen;
				INFOPLIST_KEY_UIMainStoryboardFile = Main;
				INFOPLIST_KEY_UISupportedInterfaceOrientations_iPad = "UIInterfaceOrientationPortrait UIInterfaceOrientationPortraitUpsideDown UIInterfaceOrientationLandscapeLeft UIInterfaceOrientationLandscapeRight";
				INFOPLIST_KEY_UISupportedInterfaceOrientations_iPhone = "UIInterfaceOrientationPortrait UIInterfaceOrientationLandscapeLeft UIInterfaceOrientationLandscapeRight";
				IPHONEOS_DEPLOYMENT_TARGET = 13.0;
				LD_RUNPATH_SEARCH_PATHS = (
					"$(inherited)",
					"@executable_path/Frameworks",
				);
				MARKETING_VERSION = 1.0;
				PRODUCT_BUNDLE_IDENTIFIER = jkkjkj.ChristmasSwapFace;
				PRODUCT_NAME = "$(TARGET_NAME)";
				SWIFT_EMIT_LOC_STRINGS = YES;
				SWIFT_VERSION = 5.0;
				TARGETED_DEVICE_FAMILY = "1,2";
			};
			name = Debug;
		};
		E6E63B7B2B32D0720001C824 /* Release */ = {
			isa = XCBuildConfiguration;
			baseConfigurationReference = 553CFFAEB63C383C4778B8F1 /* Pods-ChristmasSwapFace.release.xcconfig */;
			buildSettings = {
				ASSETCATALOG_COMPILER_APPICON_NAME = AppIcon;
				ASSETCATALOG_COMPILER_GLOBAL_ACCENT_COLOR_NAME = AccentColor;
				CODE_SIGN_STYLE = Automatic;
				CURRENT_PROJECT_VERSION = 1;
				ENABLE_USER_SCRIPT_SANDBOXING = NO;
				GENERATE_INFOPLIST_FILE = YES;
				INFOPLIST_FILE = ChristmasSwapFace/Info.plist;
				INFOPLIST_KEY_UIApplicationSupportsIndirectInputEvents = YES;
				INFOPLIST_KEY_UILaunchStoryboardName = LaunchScreen;
				INFOPLIST_KEY_UIMainStoryboardFile = Main;
				INFOPLIST_KEY_UISupportedInterfaceOrientations_iPad = "UIInterfaceOrientationPortrait UIInterfaceOrientationPortraitUpsideDown UIInterfaceOrientationLandscapeLeft UIInterfaceOrientationLandscapeRight";
				INFOPLIST_KEY_UISupportedInterfaceOrientations_iPhone = "UIInterfaceOrientationPortrait UIInterfaceOrientationLandscapeLeft UIInterfaceOrientationLandscapeRight";
				IPHONEOS_DEPLOYMENT_TARGET = 13.0;
				LD_RUNPATH_SEARCH_PATHS = (
					"$(inherited)",
					"@executable_path/Frameworks",
				);
				MARKETING_VERSION = 1.0;
				PRODUCT_BUNDLE_IDENTIFIER = jkkjkj.ChristmasSwapFace;
				PRODUCT_NAME = "$(TARGET_NAME)";
				SWIFT_EMIT_LOC_STRINGS = YES;
				SWIFT_VERSION = 5.0;
				TARGETED_DEVICE_FAMILY = "1,2";
			};
			name = Release;
		};
/* End XCBuildConfiguration section */

/* Begin XCConfigurationList section */
		E6E63B602B32D06F0001C824 /* Build configuration list for PBXProject "ChristmasSwapFace" */ = {
			isa = XCConfigurationList;
			buildConfigurations = (
				E6E63B772B32D0720001C824 /* Debug */,
				E6E63B782B32D0720001C824 /* Release */,
			);
			defaultConfigurationIsVisible = 0;
			defaultConfigurationName = Release;
		};
		E6E63B792B32D0720001C824 /* Build configuration list for PBXNativeTarget "ChristmasSwapFace" */ = {
			isa = XCConfigurationList;
			buildConfigurations = (
				E6E63B7A2B32D0720001C824 /* Debug */,
				E6E63B7B2B32D0720001C824 /* Release */,
			);
			defaultConfigurationIsVisible = 0;
			defaultConfigurationName = Release;
		};
/* End XCConfigurationList section */
	};
	rootObject = E6E63B5D2B32D06F0001C824 /* Project object */;
}
